# This file is generated by running "yarn install" inside your project.
# Manual changes might be lost - proceed with caution!

__metadata:
  version: 6
  cacheKey: 8

"@noble/curves@npm:1.1.0":
  version: 1.1.0
  resolution: "@noble/curves@npm:1.1.0"
  dependencies:
    "@noble/hashes": 1.3.1
  checksum: 2658cdd3f84f71079b4e3516c47559d22cf4b55c23ac8ee9d2b1f8e5b72916d9689e59820e0f9d9cb4a46a8423af5b56dc6bb7782405c88be06a015180508db5
  languageName: node
  linkType: hard

"@noble/hashes@npm:1.3.1":
  version: 1.3.1
  resolution: "@noble/hashes@npm:1.3.1"
  checksum: 7fdefc0f7a0c1ec27acc6ff88841793e3f93ec4ce6b8a6a12bfc0dd70ae6b7c4c82fe305fdfeda1735d5ad4a9eebe761e6693b3d355689c559e91242f4bc95b1
  languageName: node
  linkType: hard

"@polkadot/api-augment@npm:10.9.1, @polkadot/api-augment@npm:^10.9.1":
  version: 10.9.1
  resolution: "@polkadot/api-augment@npm:10.9.1"
  dependencies:
    "@polkadot/api-base": 10.9.1
    "@polkadot/rpc-augment": 10.9.1
    "@polkadot/types": 10.9.1
    "@polkadot/types-augment": 10.9.1
    "@polkadot/types-codec": 10.9.1
    "@polkadot/util": ^12.3.1
    tslib: ^2.5.3
  checksum: b0aeed5ebf640c58a252a29a33f12d4c39d0dcdf10b875501012c3b4b05955ed8be85efbf75e17ad237a561e1171821979ffdddf7e6a64cb0806badb2752c190
  languageName: node
  linkType: hard

"@polkadot/api-base@npm:10.9.1":
  version: 10.9.1
  resolution: "@polkadot/api-base@npm:10.9.1"
  dependencies:
    "@polkadot/rpc-core": 10.9.1
    "@polkadot/types": 10.9.1
    "@polkadot/util": ^12.3.1
    rxjs: ^7.8.1
    tslib: ^2.5.3
  checksum: a761f4ade747a295c16b7e6f24c1bb93e1736aa7fa9f1cb3c651c84d02a99cc62658e83326fa339882423966a55bf0046b74a69a1a4e4567c8d6c1c4db4eb306
  languageName: node
  linkType: hard

"@polkadot/api-cli@npm:^0.55.3":
  version: 0.55.3
  resolution: "@polkadot/api-cli@npm:0.55.3"
  dependencies:
    "@polkadot/api": ^10.9.1
    "@polkadot/api-augment": ^10.9.1
    "@polkadot/keyring": ^12.3.2
    "@polkadot/types": ^10.9.1
    "@polkadot/util": ^12.3.2
    "@polkadot/util-crypto": ^12.3.2
    tslib: ^2.5.3
    yargs: ^17.7.2
  bin:
    polkadot-js-api: runcli.mjs
  checksum: 33c11fb84a7b0744f6d842862cdb731a1312da8c2e59fd1e20aaeb7822b35cf81050e828c4cd7a121c6ae183cf5cb1ba641eddaa492b3b29492742848c45fb81
  languageName: node
  linkType: hard

"@polkadot/api-derive@npm:10.9.1":
  version: 10.9.1
  resolution: "@polkadot/api-derive@npm:10.9.1"
  dependencies:
    "@polkadot/api": 10.9.1
    "@polkadot/api-augment": 10.9.1
    "@polkadot/api-base": 10.9.1
    "@polkadot/rpc-core": 10.9.1
    "@polkadot/types": 10.9.1
    "@polkadot/types-codec": 10.9.1
    "@polkadot/util": ^12.3.1
    "@polkadot/util-crypto": ^12.3.1
    rxjs: ^7.8.1
    tslib: ^2.5.3
  checksum: 072a43bcc55787beb6c29afe0f011c03cdde3a9b6ac38d972d0b13ff93a1e14198d769a926edfd324c3947735dd8c8fcb7a61629409322230fd8559e7c17a1d7
  languageName: node
  linkType: hard

"@polkadot/api@npm:10.9.1, @polkadot/api@npm:^10.9.1":
  version: 10.9.1
  resolution: "@polkadot/api@npm:10.9.1"
  dependencies:
    "@polkadot/api-augment": 10.9.1
    "@polkadot/api-base": 10.9.1
    "@polkadot/api-derive": 10.9.1
    "@polkadot/keyring": ^12.3.1
    "@polkadot/rpc-augment": 10.9.1
    "@polkadot/rpc-core": 10.9.1
    "@polkadot/rpc-provider": 10.9.1
    "@polkadot/types": 10.9.1
    "@polkadot/types-augment": 10.9.1
    "@polkadot/types-codec": 10.9.1
    "@polkadot/types-create": 10.9.1
    "@polkadot/types-known": 10.9.1
    "@polkadot/util": ^12.3.1
    "@polkadot/util-crypto": ^12.3.1
    eventemitter3: ^5.0.1
    rxjs: ^7.8.1
    tslib: ^2.5.3
  checksum: 6b37d9bacf0599bb7c385ddefca929547299a6f1d242ce3215f8480672297c81ec30c251bc9aac3889c5956bd9ef3918d69364819861eec308f4aa347c08110d
  languageName: node
  linkType: hard

"@polkadot/keyring@npm:^12.3.1, @polkadot/keyring@npm:^12.3.2":
  version: 12.3.2
  resolution: "@polkadot/keyring@npm:12.3.2"
  dependencies:
    "@polkadot/util": 12.3.2
    "@polkadot/util-crypto": 12.3.2
    tslib: ^2.5.3
  peerDependencies:
    "@polkadot/util": 12.3.2
    "@polkadot/util-crypto": 12.3.2
  checksum: fa1238052ab6a93f4d97c0351e908ab866c128eb9089fe8829af4a4603be3d97dd964bb2b95c22248cfd120800bbc37aa93e03221ecca4f97c36818d452b44db
  languageName: node
  linkType: hard

"@polkadot/networks@npm:12.3.2, @polkadot/networks@npm:^12.3.1":
  version: 12.3.2
  resolution: "@polkadot/networks@npm:12.3.2"
  dependencies:
    "@polkadot/util": 12.3.2
    "@substrate/ss58-registry": ^1.40.0
    tslib: ^2.5.3
  checksum: 54d5aa2a90b761a200bf0cf492f1c53cbbd555067f9486542997097640b0813e46675837e83225cee8ab4e816bcae12cdc046f07b5869930ab1e694b1e6e3cec
  languageName: node
  linkType: hard

"@polkadot/rpc-augment@npm:10.9.1":
  version: 10.9.1
  resolution: "@polkadot/rpc-augment@npm:10.9.1"
  dependencies:
    "@polkadot/rpc-core": 10.9.1
    "@polkadot/types": 10.9.1
    "@polkadot/types-codec": 10.9.1
    "@polkadot/util": ^12.3.1
    tslib: ^2.5.3
  checksum: 4f7b090be6d88ef6a56679a80da856bf007994e2142e16fbac6030132789b5a2411421650935ed4b18334afca399edfc0387135731836c6d9f8420acf510f11b
  languageName: node
  linkType: hard

"@polkadot/rpc-core@npm:10.9.1":
  version: 10.9.1
  resolution: "@polkadot/rpc-core@npm:10.9.1"
  dependencies:
    "@polkadot/rpc-augment": 10.9.1
    "@polkadot/rpc-provider": 10.9.1
    "@polkadot/types": 10.9.1
    "@polkadot/util": ^12.3.1
    rxjs: ^7.8.1
    tslib: ^2.5.3
  checksum: 538a207f5d321b4b18b0580da438598dd78e496dbc7069a776abcc39ede36903981ba2b9897eea73ecfe2f48a4d0cbd5b5cd738b3184f5c333709e6f4603f22a
  languageName: node
  linkType: hard

"@polkadot/rpc-provider@npm:10.9.1":
  version: 10.9.1
  resolution: "@polkadot/rpc-provider@npm:10.9.1"
  dependencies:
    "@polkadot/keyring": ^12.3.1
    "@polkadot/types": 10.9.1
    "@polkadot/types-support": 10.9.1
    "@polkadot/util": ^12.3.1
    "@polkadot/util-crypto": ^12.3.1
    "@polkadot/x-fetch": ^12.3.1
    "@polkadot/x-global": ^12.3.1
    "@polkadot/x-ws": ^12.3.1
    "@substrate/connect": 0.7.26
    eventemitter3: ^5.0.1
    mock-socket: ^9.2.1
    nock: ^13.3.1
    tslib: ^2.5.3
  dependenciesMeta:
    "@substrate/connect":
      optional: true
  checksum: 4521ba64a1e69ed323910796a4598755e8101704aae3be33b6c363be4ebb9ea1a99ced17b8cd9fa3ab15abf5900e1055279f532f47b8472e8a143a299bfa046d
  languageName: node
  linkType: hard

"@polkadot/types-augment@npm:10.9.1":
  version: 10.9.1
  resolution: "@polkadot/types-augment@npm:10.9.1"
  dependencies:
    "@polkadot/types": 10.9.1
    "@polkadot/types-codec": 10.9.1
    "@polkadot/util": ^12.3.1
    tslib: ^2.5.3
  checksum: d643f83ab0a9498267037d95b878fa4e3b0087882195c3bd609038e8c934a092d9c82f7164ac97989305805aabe0d9186736c50a372498c81c22b3d7f4cfcccb
  languageName: node
  linkType: hard

"@polkadot/types-codec@npm:10.9.1":
  version: 10.9.1
  resolution: "@polkadot/types-codec@npm:10.9.1"
  dependencies:
    "@polkadot/util": ^12.3.1
    "@polkadot/x-bigint": ^12.3.1
    tslib: ^2.5.3
  checksum: ac11b770fa4328f55daf6dd78fc8fc4d6906fb0d4b2bf92eaece58332c74f2b178d598a310a6dd068c72856acefddf5f7d23cac56991fa12f61d6853fb73d582
  languageName: node
  linkType: hard

"@polkadot/types-create@npm:10.9.1":
  version: 10.9.1
  resolution: "@polkadot/types-create@npm:10.9.1"
  dependencies:
    "@polkadot/types-codec": 10.9.1
    "@polkadot/util": ^12.3.1
    tslib: ^2.5.3
  checksum: 43f8fbd70a7891d6b49f1edb00b4a918c21924f2c1e44eb81ef7c9327e1fcc7eac65dbc2a9d0e3ba49079fdddda5498115e47f5fd99ec2a91f79c7f305bf553a
  languageName: node
  linkType: hard

"@polkadot/types-known@npm:10.9.1":
  version: 10.9.1
  resolution: "@polkadot/types-known@npm:10.9.1"
  dependencies:
    "@polkadot/networks": ^12.3.1
    "@polkadot/types": 10.9.1
    "@polkadot/types-codec": 10.9.1
    "@polkadot/types-create": 10.9.1
    "@polkadot/util": ^12.3.1
    tslib: ^2.5.3
  checksum: 8a3dd0dead1759112b9011c5ff47bf9fa0f5a00d0d5cba841d724494a9434a2f565fad8ab654ae8cc3949a10c28f3966034bfc23e493b7cc373d3532de508953
  languageName: node
  linkType: hard

"@polkadot/types-support@npm:10.9.1":
  version: 10.9.1
  resolution: "@polkadot/types-support@npm:10.9.1"
  dependencies:
    "@polkadot/util": ^12.3.1
    tslib: ^2.5.3
  checksum: f5df33f215f529c33d4fd7ad7d6877a4567954488971c2986da416b6578ccb6d5c6eeadab4602abe0e3ce17373cdd6de0ce6f09529852b6e2fd6bc28b9183f9b
  languageName: node
  linkType: hard

"@polkadot/types@npm:10.9.1, @polkadot/types@npm:^10.9.1":
  version: 10.9.1
  resolution: "@polkadot/types@npm:10.9.1"
  dependencies:
    "@polkadot/keyring": ^12.3.1
    "@polkadot/types-augment": 10.9.1
    "@polkadot/types-codec": 10.9.1
    "@polkadot/types-create": 10.9.1
    "@polkadot/util": ^12.3.1
    "@polkadot/util-crypto": ^12.3.1
    rxjs: ^7.8.1
    tslib: ^2.5.3
  checksum: c9b0873b52f33c5d7913bc1e474c67d797411ac592c10af987dfecfee7480aeda02b9fc100ff506bc8af704a7fc239162a8ec7eec580e2e7a62ac7f7b95f3900
  languageName: node
  linkType: hard

"@polkadot/util-crypto@npm:12.3.2, @polkadot/util-crypto@npm:^12.3.1, @polkadot/util-crypto@npm:^12.3.2":
  version: 12.3.2
  resolution: "@polkadot/util-crypto@npm:12.3.2"
  dependencies:
    "@noble/curves": 1.1.0
    "@noble/hashes": 1.3.1
    "@polkadot/networks": 12.3.2
    "@polkadot/util": 12.3.2
    "@polkadot/wasm-crypto": ^7.2.1
    "@polkadot/wasm-util": ^7.2.1
    "@polkadot/x-bigint": 12.3.2
    "@polkadot/x-randomvalues": 12.3.2
    "@scure/base": 1.1.1
    tslib: ^2.5.3
  peerDependencies:
    "@polkadot/util": 12.3.2
  checksum: 5c4053b4172ce138b4df5d61dc83905759fde6816ddf1d1aea7389bf4e9bba6d0a110e356eb9a3d76065393b787eb9797428966a1da36bb3b13567bdb67d5671
  languageName: node
  linkType: hard

"@polkadot/util@npm:12.3.2, @polkadot/util@npm:^12.3.1, @polkadot/util@npm:^12.3.2":
  version: 12.3.2
  resolution: "@polkadot/util@npm:12.3.2"
  dependencies:
    "@polkadot/x-bigint": 12.3.2
    "@polkadot/x-global": 12.3.2
    "@polkadot/x-textdecoder": 12.3.2
    "@polkadot/x-textencoder": 12.3.2
    "@types/bn.js": ^5.1.1
    bn.js: ^5.2.1
    tslib: ^2.5.3
  checksum: 53b5ac58bbae5d3aa867e0f1483fc0fd40e811919e573051225ab32e031ab81649be0f969ecb7c7a094c588f381d8ec1fa67160a65e3e2ef2180afe5677136cc
  languageName: node
  linkType: hard

"@polkadot/wasm-bridge@npm:7.2.1":
  version: 7.2.1
  resolution: "@polkadot/wasm-bridge@npm:7.2.1"
  dependencies:
    "@polkadot/wasm-util": 7.2.1
    tslib: ^2.5.0
  peerDependencies:
    "@polkadot/util": "*"
    "@polkadot/x-randomvalues": "*"
  checksum: 6f4d255665f6c1552df9abcf8e99ee36b220c446c74e4da7ac21f3c578c3736695db41e816ef83226d98231c535df8daea6d2266c3090bdd8e7609fa87447de9
  languageName: node
  linkType: hard

"@polkadot/wasm-crypto-asmjs@npm:7.2.1":
  version: 7.2.1
  resolution: "@polkadot/wasm-crypto-asmjs@npm:7.2.1"
  dependencies:
    tslib: ^2.5.0
  peerDependencies:
    "@polkadot/util": "*"
  checksum: 9d7f2ac6f73cc2ed390941a35426763c73e6f20374eb11ed60b880a6f716c2773cb1fe1cddb9416ab669c75b25b7d99be25c8c91886bb676d6faf9b4658f8fd7
  languageName: node
  linkType: hard

"@polkadot/wasm-crypto-init@npm:7.2.1":
  version: 7.2.1
  resolution: "@polkadot/wasm-crypto-init@npm:7.2.1"
  dependencies:
    "@polkadot/wasm-bridge": 7.2.1
    "@polkadot/wasm-crypto-asmjs": 7.2.1
    "@polkadot/wasm-crypto-wasm": 7.2.1
    "@polkadot/wasm-util": 7.2.1
    tslib: ^2.5.0
  peerDependencies:
    "@polkadot/util": "*"
    "@polkadot/x-randomvalues": "*"
  checksum: 97105a9e846e97d9d678526e5dd1b491cd71e705c759a8ace9e0e9a54aa045b2b512bdcdd524ea6684963b6cb0fc0a44043d2198bc680c893e1feaaf4d860e76
  languageName: node
  linkType: hard

"@polkadot/wasm-crypto-wasm@npm:7.2.1":
  version: 7.2.1
  resolution: "@polkadot/wasm-crypto-wasm@npm:7.2.1"
  dependencies:
    "@polkadot/wasm-util": 7.2.1
    tslib: ^2.5.0
  peerDependencies:
    "@polkadot/util": "*"
  checksum: f000fab2fc682a4d4d2029b483701a64091b9be0d75df82f3337a48d65ffdac8d76c828f46810cb5aae6b9ec77bdf3963ae8b8668106ea9e5c0c19f57637655d
  languageName: node
  linkType: hard

"@polkadot/wasm-crypto@npm:^7.2.1":
  version: 7.2.1
  resolution: "@polkadot/wasm-crypto@npm:7.2.1"
  dependencies:
    "@polkadot/wasm-bridge": 7.2.1
    "@polkadot/wasm-crypto-asmjs": 7.2.1
    "@polkadot/wasm-crypto-init": 7.2.1
    "@polkadot/wasm-crypto-wasm": 7.2.1
    "@polkadot/wasm-util": 7.2.1
    tslib: ^2.5.0
  peerDependencies:
    "@polkadot/util": "*"
    "@polkadot/x-randomvalues": "*"
  checksum: f42f2bc34cf76d1438893f72a233080196c9a95dd3c53444f582150c7f56b75c80b8b8b9b4a3d9015438a6f7438c6e40def46b1fe7ce3a367bcd280f2bf29c98
  languageName: node
  linkType: hard

"@polkadot/wasm-util@npm:7.2.1, @polkadot/wasm-util@npm:^7.2.1":
  version: 7.2.1
  resolution: "@polkadot/wasm-util@npm:7.2.1"
  dependencies:
    tslib: ^2.5.0
  peerDependencies:
    "@polkadot/util": "*"
  checksum: 8df30296664807c27b01d37a3e9f124fdc22aef61e633b1a538a7c533f485a2aa756c43e67aac8d0c8383273432783b78e5528c5bc1ffcf508e7faaa5009e618
  languageName: node
  linkType: hard

"@polkadot/x-bigint@npm:12.3.2, @polkadot/x-bigint@npm:^12.3.1":
  version: 12.3.2
  resolution: "@polkadot/x-bigint@npm:12.3.2"
  dependencies:
    "@polkadot/x-global": 12.3.2
    tslib: ^2.5.3
  checksum: 0c88e28f1072cd2e5bc0efa3b8ede13f1084c8d56bb78a91f031ee128e572a5f74faa99c22be64182950194647a2081899dcfaa7e7ab16bbb3f9b9761515eb85
  languageName: node
  linkType: hard

"@polkadot/x-fetch@npm:^12.3.1":
  version: 12.3.2
  resolution: "@polkadot/x-fetch@npm:12.3.2"
  dependencies:
    "@polkadot/x-global": 12.3.2
    node-fetch: ^3.3.1
    tslib: ^2.5.3
  checksum: 063bae74b5c197c5b2c603cc761aa830fe96a196d8cc0d9bc428670d1d0fa44d053d96b463783a9d989ec1032bda6397cb4f8772e65fed9d5f1089d04d7b54dc
  languageName: node
  linkType: hard

"@polkadot/x-global@npm:12.3.2, @polkadot/x-global@npm:^12.3.1":
  version: 12.3.2
  resolution: "@polkadot/x-global@npm:12.3.2"
  dependencies:
    tslib: ^2.5.3
  checksum: 85bd4a3e89bacdf8159fe505b875fad0ce8cfc5ba65377b14981166d973339a2fa3128582112af51dfecea4b68b0501a960056138110195b5bea69c3a8c88e11
  languageName: node
  linkType: hard

"@polkadot/x-randomvalues@npm:12.3.2":
  version: 12.3.2
  resolution: "@polkadot/x-randomvalues@npm:12.3.2"
  dependencies:
    "@polkadot/x-global": 12.3.2
    tslib: ^2.5.3
  peerDependencies:
    "@polkadot/util": 12.3.2
    "@polkadot/wasm-util": "*"
  checksum: 809e0429a0e6f285ad0e2bf0b7dbe1f8b05cc3aacb9f7d8593fd0702e2f23ef7e3aab861d1493528670712c03426b36aacecf43b6fc97cc4036ee1ae41fa04dc
  languageName: node
  linkType: hard

"@polkadot/x-textdecoder@npm:12.3.2":
  version: 12.3.2
  resolution: "@polkadot/x-textdecoder@npm:12.3.2"
  dependencies:
    "@polkadot/x-global": 12.3.2
    tslib: ^2.5.3
  checksum: d5b8810b325bad317e10f631f0d7c9c91e0db92ca37db7935e41569df8c926534aa4668a14b9b12d1d5263569239665bca8ad0089bf3b789a09dbf6f0303108f
  languageName: node
  linkType: hard

"@polkadot/x-textencoder@npm:12.3.2":
  version: 12.3.2
  resolution: "@polkadot/x-textencoder@npm:12.3.2"
  dependencies:
    "@polkadot/x-global": 12.3.2
    tslib: ^2.5.3
  checksum: c383fab93904f6c47f87b1b111a002542c701844c82a62ead6bbbd19f23b58f87ebd47ec8578de7ed18b45668b43491cc60e44c343b9d59e80696e5c9357e962
  languageName: node
  linkType: hard

"@polkadot/x-ws@npm:^12.3.1":
  version: 12.3.2
  resolution: "@polkadot/x-ws@npm:12.3.2"
  dependencies:
    "@polkadot/x-global": 12.3.2
    tslib: ^2.5.3
    ws: ^8.13.0
  checksum: 7bb18ada56bb7d441c1392ec459959ff7cfc27fd57953898cb19682ea2fd323b68946102e4fe1c5eb1eb89fa62eb2d8ea7be03382ef9a473cd8c74d039b875d1
  languageName: node
  linkType: hard

"@scure/base@npm:1.1.1":
  version: 1.1.1
  resolution: "@scure/base@npm:1.1.1"
  checksum: b4fc810b492693e7e8d0107313ac74c3646970c198bbe26d7332820886fa4f09441991023ec9aa3a2a51246b74409ab5ebae2e8ef148bbc253da79ac49130309
  languageName: node
  linkType: hard

"@substrate/connect-extension-protocol@npm:^1.0.1":
  version: 1.0.1
  resolution: "@substrate/connect-extension-protocol@npm:1.0.1"
  checksum: 116dee587e81e832e14c25038bd849438c9493c6089aa6c1bf1760780d463880d44d362ed983d57ac3695368ac46f3c9df3dbaed92f36de89626c9735cecd1e4
  languageName: node
  linkType: hard

"@substrate/connect@npm:0.7.26":
  version: 0.7.26
  resolution: "@substrate/connect@npm:0.7.26"
  dependencies:
    "@substrate/connect-extension-protocol": ^1.0.1
    eventemitter3: ^4.0.7
    smoldot: 1.0.4
  checksum: 3179d241f073318d5973deb61c9c8d9b89ae28909a594b6b9fbcdfffd030a70ba58e8428eaa9d72484810bad10c93de1ad9c440b878d0fcfaaf4559d2e6f4502
  languageName: node
  linkType: hard

"@substrate/ss58-registry@npm:^1.40.0":
  version: 1.41.0
  resolution: "@substrate/ss58-registry@npm:1.41.0"
  checksum: 1fb78d50415a3f1fbf0ed9b8a790ad8f76a480948bc58a189678732120918993d16693e39c365507b4dc63fa0c38c9e82624a79fc69efb9f6760e12558bedef3
  languageName: node
  linkType: hard

"@types/bn.js@npm:^5.1.1":
  version: 5.1.1
  resolution: "@types/bn.js@npm:5.1.1"
  dependencies:
    "@types/node": "*"
  checksum: e50ed2dd3abe997e047caf90e0352c71e54fc388679735217978b4ceb7e336e51477791b715f49fd77195ac26dd296c7bad08a3be9750e235f9b2e1edb1b51c2
  languageName: node
  linkType: hard

"@types/node@npm:*":
  version: 20.4.5
  resolution: "@types/node@npm:20.4.5"
  checksum: 36a0304a8dc346a1b2d2edac4c4633eecf70875793d61a5274d0df052d7a7af7a8e34f29884eac4fbd094c4f0201477dcb39c0ecd3307ca141688806538d1138
  languageName: node
  linkType: hard

"ansi-regex@npm:^5.0.1":
  version: 5.0.1
  resolution: "ansi-regex@npm:5.0.1"
  checksum: 2aa4bb54caf2d622f1afdad09441695af2a83aa3fe8b8afa581d205e57ed4261c183c4d3877cee25794443fde5876417d859c108078ab788d6af7e4fe52eb66b
  languageName: node
  linkType: hard

"ansi-styles@npm:^4.0.0":
  version: 4.3.0
  resolution: "ansi-styles@npm:4.3.0"
  dependencies:
    color-convert: ^2.0.1
  checksum: 513b44c3b2105dd14cc42a19271e80f386466c4be574bccf60b627432f9198571ebf4ab1e4c3ba17347658f4ee1711c163d574248c0c1cdc2d5917a0ad582ec4
  languageName: node
  linkType: hard

"bn.js@npm:^5.2.1":
  version: 5.2.1
  resolution: "bn.js@npm:5.2.1"
  checksum: 3dd8c8d38055fedfa95c1d5fc3c99f8dd547b36287b37768db0abab3c239711f88ff58d18d155dd8ad902b0b0cee973747b7ae20ea12a09473272b0201c9edd3
  languageName: node
  linkType: hard

"cliui@npm:^8.0.1":
  version: 8.0.1
  resolution: "cliui@npm:8.0.1"
  dependencies:
    string-width: ^4.2.0
    strip-ansi: ^6.0.1
    wrap-ansi: ^7.0.0
  checksum: 79648b3b0045f2e285b76fb2e24e207c6db44323581e421c3acbd0e86454cba1b37aea976ab50195a49e7384b871e6dfb2247ad7dec53c02454ac6497394cb56
  languageName: node
  linkType: hard

"color-convert@npm:^2.0.1":
  version: 2.0.1
  resolution: "color-convert@npm:2.0.1"
  dependencies:
    color-name: ~1.1.4
  checksum: 79e6bdb9fd479a205c71d89574fccfb22bd9053bd98c6c4d870d65c132e5e904e6034978e55b43d69fcaa7433af2016ee203ce76eeba9cfa554b373e7f7db336
  languageName: node
  linkType: hard

"color-name@npm:~1.1.4":
  version: 1.1.4
  resolution: "color-name@npm:1.1.4"
  checksum: b0445859521eb4021cd0fb0cc1a75cecf67fceecae89b63f62b201cca8d345baf8b952c966862a9d9a2632987d4f6581f0ec8d957dfacece86f0a7919316f610
  languageName: node
  linkType: hard

"data-uri-to-buffer@npm:^4.0.0":
  version: 4.0.1
  resolution: "data-uri-to-buffer@npm:4.0.1"
  checksum: 0d0790b67ffec5302f204c2ccca4494f70b4e2d940fea3d36b09f0bb2b8539c2e86690429eb1f1dc4bcc9e4df0644193073e63d9ee48ac9fce79ec1506e4aa4c
  languageName: node
  linkType: hard

"debug@npm:^4.1.0":
  version: 4.3.4
  resolution: "debug@npm:4.3.4"
  dependencies:
    ms: 2.1.2
  peerDependenciesMeta:
    supports-color:
      optional: true
  checksum: 3dbad3f94ea64f34431a9cbf0bafb61853eda57bff2880036153438f50fb5a84f27683ba0d8e5426bf41a8c6ff03879488120cf5b3a761e77953169c0600a708
  languageName: node
  linkType: hard

"emoji-regex@npm:^8.0.0":
  version: 8.0.0
  resolution: "emoji-regex@npm:8.0.0"
  checksum: d4c5c39d5a9868b5fa152f00cada8a936868fd3367f33f71be515ecee4c803132d11b31a6222b2571b1e5f7e13890156a94880345594d0ce7e3c9895f560f192
  languageName: node
  linkType: hard

"escalade@npm:^3.1.1":
  version: 3.1.1
  resolution: "escalade@npm:3.1.1"
  checksum: a3e2a99f07acb74b3ad4989c48ca0c3140f69f923e56d0cba0526240ee470b91010f9d39001f2a4a313841d237ede70a729e92125191ba5d21e74b106800b133
  languageName: node
  linkType: hard

"eventemitter3@npm:^4.0.7":
  version: 4.0.7
  resolution: "eventemitter3@npm:4.0.7"
  checksum: 1875311c42fcfe9c707b2712c32664a245629b42bb0a5a84439762dd0fd637fc54d078155ea83c2af9e0323c9ac13687e03cfba79b03af9f40c89b4960099374
  languageName: node
  linkType: hard

"eventemitter3@npm:^5.0.1":
  version: 5.0.1
  resolution: "eventemitter3@npm:5.0.1"
  checksum: 543d6c858ab699303c3c32e0f0f47fc64d360bf73c3daf0ac0b5079710e340d6fe9f15487f94e66c629f5f82cd1a8678d692f3dbb6f6fcd1190e1b97fcad36f8
  languageName: node
  linkType: hard

"fetch-blob@npm:^3.1.2, fetch-blob@npm:^3.1.4":
  version: 3.2.0
  resolution: "fetch-blob@npm:3.2.0"
  dependencies:
    node-domexception: ^1.0.0
    web-streams-polyfill: ^3.0.3
  checksum: f19bc28a2a0b9626e69fd7cf3a05798706db7f6c7548da657cbf5026a570945f5eeaedff52007ea35c8bcd3d237c58a20bf1543bc568ab2422411d762dd3d5bf
  languageName: node
  linkType: hard

"formdata-polyfill@npm:^4.0.10":
  version: 4.0.10
  resolution: "formdata-polyfill@npm:4.0.10"
  dependencies:
    fetch-blob: ^3.1.2
  checksum: 82a34df292afadd82b43d4a740ce387bc08541e0a534358425193017bf9fb3567875dc5f69564984b1da979979b70703aa73dee715a17b6c229752ae736dd9db
  languageName: node
  linkType: hard

"get-caller-file@npm:^2.0.5":
  version: 2.0.5
  resolution: "get-caller-file@npm:2.0.5"
  checksum: b9769a836d2a98c3ee734a88ba712e62703f1df31b94b784762c433c27a386dd6029ff55c2a920c392e33657d80191edbf18c61487e198844844516f843496b9
  languageName: node
  linkType: hard

"humanode-e2e-tests@workspace:utils/e2e-tests":
  version: 0.0.0-use.local
  resolution: "humanode-e2e-tests@workspace:utils/e2e-tests"
  dependencies:
    "@polkadot/api-cli": ^0.55.3
  languageName: unknown
  linkType: soft

"humanode-tools@workspace:.":
  version: 0.0.0-use.local
  resolution: "humanode-tools@workspace:."
  languageName: unknown
  linkType: soft

"is-fullwidth-code-point@npm:^3.0.0":
  version: 3.0.0
  resolution: "is-fullwidth-code-point@npm:3.0.0"
  checksum: 44a30c29457c7fb8f00297bce733f0a64cd22eca270f83e58c105e0d015e45c019491a4ab2faef91ab51d4738c670daff901c799f6a700e27f7314029e99e348
  languageName: node
  linkType: hard

"json-stringify-safe@npm:^5.0.1":
  version: 5.0.1
  resolution: "json-stringify-safe@npm:5.0.1"
  checksum: 48ec0adad5280b8a96bb93f4563aa1667fd7a36334f79149abd42446d0989f2ddc58274b479f4819f1f00617957e6344c886c55d05a4e15ebb4ab931e4a6a8ee
  languageName: node
  linkType: hard

"lodash@npm:^4.17.21":
  version: 4.17.21
  resolution: "lodash@npm:4.17.21"
  checksum: eb835a2e51d381e561e508ce932ea50a8e5a68f4ebdd771ea240d3048244a8d13658acbd502cd4829768c56f2e16bdd4340b9ea141297d472517b83868e677f7
  languageName: node
  linkType: hard

"mock-socket@npm:^9.2.1":
  version: 9.2.1
  resolution: "mock-socket@npm:9.2.1"
  checksum: daf07689563163dbcefbefe23b2a9784a75d0af31706f23ad535c6ab2abbcdefa2e91acddeb50a3c39009139e47a8f909cbb38e8137452193ccb9331637fee3e
  languageName: node
  linkType: hard

"ms@npm:2.1.2":
  version: 2.1.2
  resolution: "ms@npm:2.1.2"
  checksum: 673cdb2c3133eb050c745908d8ce632ed2c02d85640e2edb3ace856a2266a813b30c613569bf3354fdf4ea7d1a1494add3bfa95e2713baa27d0c2c71fc44f58f
  languageName: node
  linkType: hard

"nock@npm:^13.3.1":
  version: 13.3.2
  resolution: "nock@npm:13.3.2"
  dependencies:
    debug: ^4.1.0
    json-stringify-safe: ^5.0.1
    lodash: ^4.17.21
    propagate: ^2.0.0
  checksum: 1d7d5fda1816a3a0d2cb47f10283db139fcd15be6975db6f9b260efa781d5f0eeadf9bd7aab6db61191c519dd99bcd4c5c061e77880341be60abc39cd6163c1f
  languageName: node
  linkType: hard

"node-domexception@npm:^1.0.0":
  version: 1.0.0
  resolution: "node-domexception@npm:1.0.0"
  checksum: ee1d37dd2a4eb26a8a92cd6b64dfc29caec72bff5e1ed9aba80c294f57a31ba4895a60fd48347cf17dd6e766da0ae87d75657dfd1f384ebfa60462c2283f5c7f
  languageName: node
  linkType: hard

"node-fetch@npm:^3.3.1":
  version: 3.3.2
  resolution: "node-fetch@npm:3.3.2"
  dependencies:
    data-uri-to-buffer: ^4.0.0
    fetch-blob: ^3.1.4
    formdata-polyfill: ^4.0.10
  checksum: 06a04095a2ddf05b0830a0d5302699704d59bda3102894ea64c7b9d4c865ecdff2d90fd042df7f5bc40337266961cb6183dcc808ea4f3000d024f422b462da92
  languageName: node
  linkType: hard

"pako@npm:^2.0.4":
  version: 2.1.0
  resolution: "pako@npm:2.1.0"
  checksum: 71666548644c9a4d056bcaba849ca6fd7242c6cf1af0646d3346f3079a1c7f4a66ffec6f7369ee0dc88f61926c10d6ab05da3e1fca44b83551839e89edd75a3e
  languageName: node
  linkType: hard

"propagate@npm:^2.0.0":
  version: 2.0.1
  resolution: "propagate@npm:2.0.1"
  checksum: c4febaee2be0979e82fb6b3727878fd122a98d64a7fa3c9d09b0576751b88514a9e9275b1b92e76b364d488f508e223bd7e1dcdc616be4cdda876072fbc2a96c
  languageName: node
  linkType: hard

"require-directory@npm:^2.1.1":
  version: 2.1.1
  resolution: "require-directory@npm:2.1.1"
  checksum: fb47e70bf0001fdeabdc0429d431863e9475e7e43ea5f94ad86503d918423c1543361cc5166d713eaa7029dd7a3d34775af04764bebff99ef413111a5af18c80
  languageName: node
  linkType: hard

"rxjs@npm:^7.8.1":
  version: 7.8.1
  resolution: "rxjs@npm:7.8.1"
  dependencies:
    tslib: ^2.1.0
  checksum: de4b53db1063e618ec2eca0f7965d9137cabe98cf6be9272efe6c86b47c17b987383df8574861bcced18ebd590764125a901d5506082be84a8b8e364bf05f119
  languageName: node
  linkType: hard

"smoldot@npm:1.0.4":
  version: 1.0.4
  resolution: "smoldot@npm:1.0.4"
  dependencies:
    pako: ^2.0.4
    ws: ^8.8.1
  checksum: 81ecc38b98f7ac4dd093753e85956262608dca3c8a288c20a25fe1762a6afcdbe6f3622ea30a346df3f4145e0900ef0595e56e96e9e0de83c59f0649d1ab4786
  languageName: node
  linkType: hard

"string-width@npm:^4.1.0, string-width@npm:^4.2.0, string-width@npm:^4.2.3":
  version: 4.2.3
  resolution: "string-width@npm:4.2.3"
  dependencies:
    emoji-regex: ^8.0.0
    is-fullwidth-code-point: ^3.0.0
    strip-ansi: ^6.0.1
  checksum: e52c10dc3fbfcd6c3a15f159f54a90024241d0f149cf8aed2982a2d801d2e64df0bf1dc351cf8e95c3319323f9f220c16e740b06faecd53e2462df1d2b5443fb
  languageName: node
  linkType: hard

"strip-ansi@npm:^6.0.0, strip-ansi@npm:^6.0.1":
  version: 6.0.1
  resolution: "strip-ansi@npm:6.0.1"
  dependencies:
    ansi-regex: ^5.0.1
  checksum: f3cd25890aef3ba6e1a74e20896c21a46f482e93df4a06567cebf2b57edabb15133f1f94e57434e0a958d61186087b1008e89c94875d019910a213181a14fc8c
  languageName: node
  linkType: hard

"tslib@npm:^2.1.0, tslib@npm:^2.5.0, tslib@npm:^2.5.3":
  version: 2.6.1
  resolution: "tslib@npm:2.6.1"
  checksum: b0d176d176487905b66ae4d5856647df50e37beea7571c53b8d10ba9222c074b81f1410fb91da13debaf2cbc970663609068bdebafa844ea9d69b146527c38fe
  languageName: node
  linkType: hard

"web-streams-polyfill@npm:^3.0.3":
  version: 3.2.1
  resolution: "web-streams-polyfill@npm:3.2.1"
  checksum: b119c78574b6d65935e35098c2afdcd752b84268e18746606af149e3c424e15621b6f1ff0b42b2676dc012fc4f0d313f964b41a4b5031e525faa03997457da02
  languageName: node
  linkType: hard

"wrap-ansi@npm:^7.0.0":
  version: 7.0.0
  resolution: "wrap-ansi@npm:7.0.0"
  dependencies:
    ansi-styles: ^4.0.0
    string-width: ^4.1.0
    strip-ansi: ^6.0.0
  checksum: a790b846fd4505de962ba728a21aaeda189b8ee1c7568ca5e817d85930e06ef8d1689d49dbf0e881e8ef84436af3a88bc49115c2e2788d841ff1b8b5b51a608b
  languageName: node
  linkType: hard

"ws@npm:^8.13.0, ws@npm:^8.8.1":
  version: 8.13.0
  resolution: "ws@npm:8.13.0"
  peerDependencies:
    bufferutil: ^4.0.1
    utf-8-validate: ">=5.0.2"
  peerDependenciesMeta:
    bufferutil:
      optional: true
    utf-8-validate:
      optional: true
  checksum: 53e991bbf928faf5dc6efac9b8eb9ab6497c69feeb94f963d648b7a3530a720b19ec2e0ec037344257e05a4f35bd9ad04d9de6f289615ffb133282031b18c61c
  languageName: node
  linkType: hard

"y18n@npm:^5.0.5":
  version: 5.0.8
  resolution: "y18n@npm:5.0.8"
  checksum: 54f0fb95621ee60898a38c572c515659e51cc9d9f787fb109cef6fde4befbe1c4602dc999d30110feee37456ad0f1660fa2edcfde6a9a740f86a290999550d30
  languageName: node
  linkType: hard

"yargs-parser@npm:^21.1.1":
  version: 21.1.1
  resolution: "yargs-parser@npm:21.1.1"
  checksum: ed2d96a616a9e3e1cc7d204c62ecc61f7aaab633dcbfab2c6df50f7f87b393993fe6640d017759fe112d0cb1e0119f2b4150a87305cc873fd90831c6a58ccf1c
  languageName: node
  linkType: hard

"yargs@npm:^17.7.2":
  version: 17.7.2
  resolution: "yargs@npm:17.7.2"
  dependencies:
    cliui: ^8.0.1
    escalade: ^3.1.1
    get-caller-file: ^2.0.5
    require-directory: ^2.1.1
    string-width: ^4.2.3
    y18n: ^5.0.5
    yargs-parser: ^21.1.1
  checksum: 73b572e863aa4a8cbef323dd911d79d193b772defd5a51aab0aca2d446655216f5002c42c5306033968193bdbf892a7a4c110b0d77954a7fdf563e653967b56a
  languageName: node
  linkType: hard
