# THIS IS AN AUTOGENERATED FILE. DO NOT EDIT THIS FILE DIRECTLY.
# yarn lockfile v1


"@noble/hashes@1.2.0":
  version "1.2.0"
  resolved "https://registry.yarnpkg.com/@noble/hashes/-/hashes-1.2.0.tgz#a3150eeb09cc7ab207ebf6d7b9ad311a9bdbed12"
  integrity sha512-FZfhjEDbT5GRswV3C6uvLPHMiVD6lQBmpoX5+eSiPaMTXte/IKqI5dykDxzZB/WBeK/CDuQRBWarPdi3FNY2zQ==

"@noble/secp256k1@1.7.1":
  version "1.7.1"
  resolved "https://registry.yarnpkg.com/@noble/secp256k1/-/secp256k1-1.7.1.tgz#b251c70f824ce3ca7f8dc3df08d58f005cc0507c"
  integrity sha512-hOUk6AyBFmqVrv7k5WAw/LpszxVbj9gGN4JRkIX52fdFAj1UA61KXmZDvqVEm+pOyec3+fIeZB02LYa/pWOArw==

"@polkadot/api-augment@10.0.1":
  version "10.0.1"
  resolved "https://registry.yarnpkg.com/@polkadot/api-augment/-/api-augment-10.0.1.tgz#b8e7766e1d89e3ee753ae053e3edd21ddc0c780c"
  integrity sha512-VOMkUurEZ/r27Sx5zeGACApm4wLZx5bsxo8sWxaVE1enZvob1JpzGuN12rTlMr0ej4Az8BxvlGbcT3fQYw275Q==
  dependencies:
    "@polkadot/api-base" "10.0.1"
    "@polkadot/rpc-augment" "10.0.1"
    "@polkadot/types" "10.0.1"
    "@polkadot/types-augment" "10.0.1"
    "@polkadot/types-codec" "10.0.1"
    "@polkadot/util" "^11.0.1"
    tslib "^2.5.0"

"@polkadot/api-base@10.0.1":
  version "10.0.1"
  resolved "https://registry.yarnpkg.com/@polkadot/api-base/-/api-base-10.0.1.tgz#c3f19b5ea483ba642e98724364b58c9e16ba26fe"
  integrity sha512-yuCgHYQU7Tn32I4sNk5Qb/OwB85ICXCfWja95watbEP6os601IllI6s7JhFx3G4fjvfI94DzewOnOhhBHt+2SA==
  dependencies:
    "@polkadot/rpc-core" "10.0.1"
    "@polkadot/types" "10.0.1"
    "@polkadot/util" "^11.0.1"
    rxjs "^7.8.0"
    tslib "^2.5.0"

"@polkadot/api-cli@^0.53":
  version "0.53.1"
  resolved "https://registry.yarnpkg.com/@polkadot/api-cli/-/api-cli-0.53.1.tgz#c6ed626147d8fe82800b1afbc5db739182bbd80f"
  integrity sha512-avD6wUxtMnndNQGN/+s7avWvx5ZqssS83RKZQYv3NuooUj9rhOITu+NO+KwhB7RCXUg6hthnny1Wn4GaMGKxFQ==
  dependencies:
    "@polkadot/api" "^10.0.1"
    "@polkadot/keyring" "^11.0.1"
    "@polkadot/types" "^10.0.1"
    "@polkadot/util" "^11.0.1"
    "@polkadot/util-crypto" "^11.0.1"
    tslib "^2.5.0"
    yargs "^17.7.1"

"@polkadot/api-derive@10.0.1":
  version "10.0.1"
  resolved "https://registry.yarnpkg.com/@polkadot/api-derive/-/api-derive-10.0.1.tgz#fa62a5dc9301167fc628483a6bce65fd5f5a8adc"
  integrity sha512-btiE/ATJybKqBBYQvjujXZ+WrMfzwNvKRGI84cbEYnX4OHIo47O/v+zGQ2nUhbOfcJFa8FBU6dB9fMTBRl2R5g==
  dependencies:
    "@polkadot/api" "10.0.1"
    "@polkadot/api-augment" "10.0.1"
    "@polkadot/api-base" "10.0.1"
    "@polkadot/rpc-core" "10.0.1"
    "@polkadot/types" "10.0.1"
    "@polkadot/types-codec" "10.0.1"
    "@polkadot/util" "^11.0.1"
    "@polkadot/util-crypto" "^11.0.1"
    rxjs "^7.8.0"
    tslib "^2.5.0"

"@polkadot/api@10.0.1", "@polkadot/api@^10.0.1":
  version "10.0.1"
  resolved "https://registry.yarnpkg.com/@polkadot/api/-/api-10.0.1.tgz#ff3272e9f3d5d8c6d7c9e842f0a11c1c6a462265"
  integrity sha512-XDJwGqtnFKWlY2kEGOCOAFhczgUxwNZ553zVbmkR65eK4gVlCwIMHLkU/rPlPf/QShrTCZXQhaS/HwIXeFHIvw==
  dependencies:
    "@polkadot/api-augment" "10.0.1"
    "@polkadot/api-base" "10.0.1"
    "@polkadot/api-derive" "10.0.1"
    "@polkadot/keyring" "^11.0.1"
    "@polkadot/rpc-augment" "10.0.1"
    "@polkadot/rpc-core" "10.0.1"
    "@polkadot/rpc-provider" "10.0.1"
    "@polkadot/types" "10.0.1"
    "@polkadot/types-augment" "10.0.1"
    "@polkadot/types-codec" "10.0.1"
    "@polkadot/types-create" "10.0.1"
    "@polkadot/types-known" "10.0.1"
    "@polkadot/util" "^11.0.1"
    "@polkadot/util-crypto" "^11.0.1"
    eventemitter3 "^5.0.0"
    rxjs "^7.8.0"
    tslib "^2.5.0"

"@polkadot/keyring@^11.0.1":
  version "11.0.1"
  resolved "https://registry.yarnpkg.com/@polkadot/keyring/-/keyring-11.0.1.tgz#e03de854f15ae68b5797137604d5055e55412bac"
  integrity sha512-ypQs9cYp/WsmHPvnv4RowbVyZTdOg8rIvcHj6Ols3sqJbQXVn9rfWZTS2l341d9z4kJtmqwbSdKAVV0GT+Mj1A==
  dependencies:
    "@polkadot/util" "11.0.1"
    "@polkadot/util-crypto" "11.0.1"
    tslib "^2.5.0"

"@polkadot/networks@11.0.1", "@polkadot/networks@^11.0.1":
  version "11.0.1"
  resolved "https://registry.yarnpkg.com/@polkadot/networks/-/networks-11.0.1.tgz#c97d8eebc8c415bb6966d9d0cf46eb4eb40b7732"
  integrity sha512-el1qzqFVhZQry/m9Qriq/AcksXOKGwgl6Aq5RsjpRLLMJyxHjATTICOPdKoY5gxSnVayku/fd46eak31/O/MnA==
  dependencies:
    "@polkadot/util" "11.0.1"
    "@substrate/ss58-registry" "^1.39.0"
    tslib "^2.5.0"

"@polkadot/rpc-augment@10.0.1":
  version "10.0.1"
  resolved "https://registry.yarnpkg.com/@polkadot/rpc-augment/-/rpc-augment-10.0.1.tgz#f46a97543310837fd2feabc9419b9e8a6c68f9c0"
  integrity sha512-DZK4V99qIhtSS9gaYL5BjsFoa5DxIunO3emxvc5V0jm3o5ZNejGDwRCZNL/atIt5tGyjosU6cYMmVvvgLuQbzg==
  dependencies:
    "@polkadot/rpc-core" "10.0.1"
    "@polkadot/types" "10.0.1"
    "@polkadot/types-codec" "10.0.1"
    "@polkadot/util" "^11.0.1"
    tslib "^2.5.0"

"@polkadot/rpc-core@10.0.1":
  version "10.0.1"
  resolved "https://registry.yarnpkg.com/@polkadot/rpc-core/-/rpc-core-10.0.1.tgz#f6644c9e61c4001c76db2cc5cf80443d83cef26a"
  integrity sha512-HuWFttfQknSfB0Xff+svDP1rba5cwLyOhJ4EDPxz2QcyChTdOCzHBymD9GLKZJEaGp+IT4VOcUPwLDMml1TG1A==
  dependencies:
    "@polkadot/rpc-augment" "10.0.1"
    "@polkadot/rpc-provider" "10.0.1"
    "@polkadot/types" "10.0.1"
    "@polkadot/util" "^11.0.1"
    rxjs "^7.8.0"
    tslib "^2.5.0"

"@polkadot/rpc-provider@10.0.1":
  version "10.0.1"
  resolved "https://registry.yarnpkg.com/@polkadot/rpc-provider/-/rpc-provider-10.0.1.tgz#ad94e2f0c357263a7ea5e1b6566f6e772ad0b38a"
  integrity sha512-kv6uShbKgBZtoRcsxTVxpzkjRUqcd/cctG0lEqpy2BZU8koCnSu3XhooifcTm8jO17EUuC4Mm/wfM0DQKmojmQ==
  dependencies:
    "@polkadot/keyring" "^11.0.1"
    "@polkadot/types" "10.0.1"
    "@polkadot/types-support" "10.0.1"
    "@polkadot/util" "^11.0.1"
    "@polkadot/util-crypto" "^11.0.1"
    "@polkadot/x-fetch" "^11.0.1"
    "@polkadot/x-global" "^11.0.1"
    "@polkadot/x-ws" "^11.0.1"
    eventemitter3 "^5.0.0"
    mock-socket "^9.2.1"
    nock "^13.3.0"
    tslib "^2.5.0"
  optionalDependencies:
    "@substrate/connect" "0.7.20"

"@polkadot/types-augment@10.0.1":
  version "10.0.1"
  resolved "https://registry.yarnpkg.com/@polkadot/types-augment/-/types-augment-10.0.1.tgz#5c3d40c2976510f893e11f6acde02d8fe0c40a8b"
  integrity sha512-PK7CmZwamJiqIIuyeEfV2a1KsEKAuviTH7DkDZWb1aH8495hNkKx88JeTwotjTG6xrkaFZcEqF7UbhXCQs2zOA==
  dependencies:
    "@polkadot/types" "10.0.1"
    "@polkadot/types-codec" "10.0.1"
    "@polkadot/util" "^11.0.1"
    tslib "^2.5.0"

"@polkadot/types-codec@10.0.1":
  version "10.0.1"
  resolved "https://registry.yarnpkg.com/@polkadot/types-codec/-/types-codec-10.0.1.tgz#c9f4fd0142800fc5339de3c0d6c1611d7d0947d8"
  integrity sha512-RrrEuc6PZID/VvIH+eZ6aqvpx7kjbFD58nsb/8ZQR57352EP4tVvR3arHsqh6j2WiM62uJ3zKT/rL8bCYVHjIw==
  dependencies:
    "@polkadot/util" "^11.0.1"
    "@polkadot/x-bigint" "^11.0.1"
    tslib "^2.5.0"

"@polkadot/types-create@10.0.1":
  version "10.0.1"
  resolved "https://registry.yarnpkg.com/@polkadot/types-create/-/types-create-10.0.1.tgz#c94edbd181abc5b589a7807b20ccd16788eae2cd"
  integrity sha512-Sr4BmswhFGj09e727XeS4nOnrvkWwWSSaXAwLenwVOCK9UaevYw+jmc28HcYypL5+i8kT4jKyU+1av7UtJyOzg==
  dependencies:
    "@polkadot/types-codec" "10.0.1"
    "@polkadot/util" "^11.0.1"
    tslib "^2.5.0"

"@polkadot/types-known@10.0.1":
  version "10.0.1"
  resolved "https://registry.yarnpkg.com/@polkadot/types-known/-/types-known-10.0.1.tgz#0bbee8b8556d202549b2cacd7336122da9796492"
  integrity sha512-GoHnDS1yKwLmsEQX7xjcMNR5SvaszxGV7E5Jkgl16VOF3QmO13Vs19jz1bdyv4Dw6soKFI5XAUEJY9PoA0DDMg==
  dependencies:
    "@polkadot/networks" "^11.0.1"
    "@polkadot/types" "10.0.1"
    "@polkadot/types-codec" "10.0.1"
    "@polkadot/types-create" "10.0.1"
    "@polkadot/util" "^11.0.1"
    tslib "^2.5.0"

"@polkadot/types-support@10.0.1":
  version "10.0.1"
  resolved "https://registry.yarnpkg.com/@polkadot/types-support/-/types-support-10.0.1.tgz#301125e2e2840801e575cb969fe0cc2bb36df86a"
  integrity sha512-J5i4BM08/HZGBNQhN2X29eWPS8+Ie7n6O8L0y8IZ3rS0hkXU1V2SFd9X4LO8ADPGvT3JvPpQKESsq0f/Z5UbYQ==
  dependencies:
    "@polkadot/util" "^11.0.1"
    tslib "^2.5.0"

"@polkadot/types@10.0.1", "@polkadot/types@^10.0.1":
  version "10.0.1"
  resolved "https://registry.yarnpkg.com/@polkadot/types/-/types-10.0.1.tgz#54c636bbe6f151c5e4bc2c9220bb98bbb1fc428d"
  integrity sha512-/ALKLIWulXJrK/nNEY8iXByZRwaq1uQiRzzFqwWgfGpnLVCHYljV5ZEi3QqeDjGJzywQYxqJB+bJSiUe0+iNvg==
  dependencies:
    "@polkadot/keyring" "^11.0.1"
    "@polkadot/types-augment" "10.0.1"
    "@polkadot/types-codec" "10.0.1"
    "@polkadot/types-create" "10.0.1"
    "@polkadot/util" "^11.0.1"
    "@polkadot/util-crypto" "^11.0.1"
    rxjs "^7.8.0"
    tslib "^2.5.0"

"@polkadot/util-crypto@11.0.1", "@polkadot/util-crypto@^11.0.1":
  version "11.0.1"
  resolved "https://registry.yarnpkg.com/@polkadot/util-crypto/-/util-crypto-11.0.1.tgz#ec17ee499bf78262d1cc23963fb365aeb4ede34b"
  integrity sha512-IEircl43g6ZT9IqjzB1ttR7vK+/IaUar6l8yeU+Bn6x0TSS6tXyOJmXfVsXsqfLM58GIXY18mBZCTfhF/LwuKg==
  dependencies:
    "@noble/hashes" "1.2.0"
    "@noble/secp256k1" "1.7.1"
    "@polkadot/networks" "11.0.1"
    "@polkadot/util" "11.0.1"
    "@polkadot/wasm-crypto" "^7.0.2"
    "@polkadot/x-bigint" "11.0.1"
    "@polkadot/x-randomvalues" "11.0.1"
    "@scure/base" "1.1.1"
    ed2curve "^0.3.0"
    tslib "^2.5.0"
    tweetnacl "^1.0.3"

"@polkadot/util@11.0.1", "@polkadot/util@^11.0.1":
  version "11.0.1"
  resolved "https://registry.yarnpkg.com/@polkadot/util/-/util-11.0.1.tgz#04ce76339a7bd6ea2746173cbac119905330b47a"
  integrity sha512-IMk3hPxIGzlAW6fhOigVPMvaW0E+dTMzO1IKnEATdhAJFKjaqU4K9Pwj79fj93xgM5Y8PkHV5sUPJKuce+u+4A==
  dependencies:
    "@polkadot/x-bigint" "11.0.1"
    "@polkadot/x-global" "11.0.1"
    "@polkadot/x-textdecoder" "11.0.1"
    "@polkadot/x-textencoder" "11.0.1"
    "@types/bn.js" "^5.1.1"
    bn.js "^5.2.1"
    tslib "^2.5.0"

"@polkadot/wasm-bridge@7.0.2":
  version "7.0.2"
  resolved "https://registry.yarnpkg.com/@polkadot/wasm-bridge/-/wasm-bridge-7.0.2.tgz#c906c12fa5a2ce40515c37d88a17637f467f6199"
  integrity sha512-towgTgPG3FRLBRGPi4rLgdklouZxpedbwzUJ2s2CPrpCrbBxCsVn7Z36Wmr0qgLUTqzQEed3DFtluu5Od3EJLQ==
  dependencies:
    tslib "^2.5.0"

"@polkadot/wasm-crypto-asmjs@7.0.2":
  version "7.0.2"
  resolved "https://registry.yarnpkg.com/@polkadot/wasm-crypto-asmjs/-/wasm-crypto-asmjs-7.0.2.tgz#c7f807ee4f290c98d6b17b629f0b2cdcc4f8b186"
  integrity sha512-oSNp+vrnBlPf2CpXBjq+jxfzaCuem+hGgyNxEDlwkON1yyopHXxyHhChmFt6zbDXkcUa6+YEaH0XT94ZC94Qrg==
  dependencies:
    tslib "^2.5.0"

"@polkadot/wasm-crypto-init@7.0.2":
  version "7.0.2"
  resolved "https://registry.yarnpkg.com/@polkadot/wasm-crypto-init/-/wasm-crypto-init-7.0.2.tgz#e707c34ba6be9ee1419453eeceab2b441da7fef3"
  integrity sha512-OQLelialR0swKp5iEisYJSP0nvs8FmchPt5juI6cRhn9k2jO+88c/s9Igh0Q+77wU5dhCT+tT4HqgilhJP4UHQ==
  dependencies:
    "@polkadot/wasm-bridge" "7.0.2"
    "@polkadot/wasm-crypto-asmjs" "7.0.2"
    "@polkadot/wasm-crypto-wasm" "7.0.2"
    tslib "^2.5.0"

"@polkadot/wasm-crypto-wasm@7.0.2":
  version "7.0.2"
  resolved "https://registry.yarnpkg.com/@polkadot/wasm-crypto-wasm/-/wasm-crypto-wasm-7.0.2.tgz#6adecfd7ac7dec7967c427adcc18c9b6be09e566"
  integrity sha512-e1UztCUZ9s9LRfu8AhnWZDrxNhsuPBOJdDmOqoqe1dHaBQpB/R4+v1NhT9nLRSOM/JmV6B1PIaehcRbkb++8KA==
  dependencies:
    "@polkadot/wasm-util" "7.0.2"
    tslib "^2.5.0"

"@polkadot/wasm-crypto@^7.0.2":
  version "7.0.2"
  resolved "https://registry.yarnpkg.com/@polkadot/wasm-crypto/-/wasm-crypto-7.0.2.tgz#44aa5f5322f3e8bdcacb1806e3e1a6543d20cbb4"
  integrity sha512-ETOl4OSAZMI8fzMR9f6uH8vid81CUIgJFZYLVkCwNS7kttdWHKO1EOGnlmuH0dzsEZ4YQOcfV4jx6fZ+2yS+YQ==
  dependencies:
    "@polkadot/wasm-bridge" "7.0.2"
    "@polkadot/wasm-crypto-asmjs" "7.0.2"
    "@polkadot/wasm-crypto-init" "7.0.2"
    "@polkadot/wasm-crypto-wasm" "7.0.2"
    "@polkadot/wasm-util" "7.0.2"
    tslib "^2.5.0"

"@polkadot/wasm-util@7.0.2":
  version "7.0.2"
  resolved "https://registry.yarnpkg.com/@polkadot/wasm-util/-/wasm-util-7.0.2.tgz#1f3eaf048bd9134f08857e74325084ce129cd50c"
  integrity sha512-N7bnZDNwUkjVO2WiJ6VvB0y8JS+CgiFTz6ofLxxSa/0HtBW1boCLrLxvp9EA0rh1+Ca212spLNM1GNkD/msMeg==
  dependencies:
    tslib "^2.5.0"

"@polkadot/x-bigint@11.0.1", "@polkadot/x-bigint@^11.0.1":
  version "11.0.1"
  resolved "https://registry.yarnpkg.com/@polkadot/x-bigint/-/x-bigint-11.0.1.tgz#0a2c21f8fa76d1299a02111f8391d16593f456ae"
  integrity sha512-/Sbl5seEG5F7og6UsjYi+V7/LrVw5cRoXhs3oEv8MFh5yIzCXaTO8vLd06PHLkNwBUvEBtfrbhuVYi+FDTAP0g==
  dependencies:
    "@polkadot/x-global" "11.0.1"
    tslib "^2.5.0"

"@polkadot/x-fetch@^11.0.1":
  version "11.0.1"
  resolved "https://registry.yarnpkg.com/@polkadot/x-fetch/-/x-fetch-11.0.1.tgz#fc77042c1f226a6235ea55799f2dd632462d1ba2"
  integrity sha512-P1Dxof3F1y7vH44akgfaVk2+5bRtyxONxsX1hmcNH/QaFEXF49bDj2+asScxXXbDZyBfBdy847ec39w7tj2HIQ==
  dependencies:
    "@polkadot/x-global" "11.0.1"
    node-fetch "^3.3.0"
    tslib "^2.5.0"

"@polkadot/x-global@11.0.1", "@polkadot/x-global@^11.0.1":
  version "11.0.1"
  resolved "https://registry.yarnpkg.com/@polkadot/x-global/-/x-global-11.0.1.tgz#c52f0d6790d3d1c8a8dfc0b503809652c95ff459"
  integrity sha512-K14xREFEH1OqFcoD8cabByuqarX0NRz/iUlYcUv2Xgs+CCk6xfgdjCbFFoTHH5bzNqIJrrEjAbOn3zL4Xm1W4g==
  dependencies:
    tslib "^2.5.0"

"@polkadot/x-randomvalues@11.0.1":
  version "11.0.1"
  resolved "https://registry.yarnpkg.com/@polkadot/x-randomvalues/-/x-randomvalues-11.0.1.tgz#2eefd528620a8bb25a2ad68756b094928737b8ef"
  integrity sha512-4WwmZ+uO2vyNWOB1EPUi47enuX7sftJi8maGkHVvJy0ZWWPvf4VzXkburVA8PX1if8uPJDL1/3SVdMjwPALWHQ==
  dependencies:
    "@polkadot/x-global" "11.0.1"
    tslib "^2.5.0"

"@polkadot/x-textdecoder@11.0.1":
  version "11.0.1"
  resolved "https://registry.yarnpkg.com/@polkadot/x-textdecoder/-/x-textdecoder-11.0.1.tgz#4f42d41150ebf5c36a40adb0dfe7b7da530a21a5"
  integrity sha512-uadRuBPGeZNDknOk9FQWgnzTiVE4tHmSl5cBO9g/UWurqbovme01rQGhgARp3x9jrRC0/3xxsAAR96VhPh1ftA==
  dependencies:
    "@polkadot/x-global" "11.0.1"
    tslib "^2.5.0"

"@polkadot/x-textencoder@11.0.1":
  version "11.0.1"
  resolved "https://registry.yarnpkg.com/@polkadot/x-textencoder/-/x-textencoder-11.0.1.tgz#f95c7c3e06065862e3a2624ad873bbf0329c7d3b"
  integrity sha512-uzol/LRVxDQZNY/FLu0NpCsZLungIPdLG4FQjB4nBzJ1wW+z+AEuUHIVRJ87ohwikEB6yr20Prmz7g9kF4eB9g==
  dependencies:
    "@polkadot/x-global" "11.0.1"
    tslib "^2.5.0"

"@polkadot/x-ws@^11.0.1":
  version "11.0.1"
  resolved "https://registry.yarnpkg.com/@polkadot/x-ws/-/x-ws-11.0.1.tgz#4c588a9abb4649dbae561503f816f98c844cb260"
  integrity sha512-L72dBHW6l6oLwixNL61kdGNmcaxgQNvrNL1sVTbG7ERZtUjH3oi7OdfiBvM7OKqwlDd5Ql+8lpKWtjInyXnfOA==
  dependencies:
    "@polkadot/x-global" "11.0.1"
    tslib "^2.5.0"
    ws "^8.12.1"

"@scure/base@1.1.1":
  version "1.1.1"
  resolved "https://registry.yarnpkg.com/@scure/base/-/base-1.1.1.tgz#ebb651ee52ff84f420097055f4bf46cfba403938"
  integrity sha512-ZxOhsSyxYwLJj3pLZCefNitxsj093tb2vq90mp2txoYeBqbcjDjqFhyM8eUjq/uFm6zJ+mUuqxlS2FkuSY1MTA==

"@substrate/connect-extension-protocol@^1.0.1":
  version "1.0.1"
  resolved "https://registry.yarnpkg.com/@substrate/connect-extension-protocol/-/connect-extension-protocol-1.0.1.tgz#fa5738039586c648013caa6a0c95c43265dbe77d"
  integrity sha512-161JhCC1csjH3GE5mPLEd7HbWtwNSPJBg3p1Ksz9SFlTzj/bgEwudiRN2y5i0MoLGCIJRYKyKGMxVnd29PzNjg==

"@substrate/connect@0.7.20":
  version "0.7.20"
  resolved "https://registry.yarnpkg.com/@substrate/connect/-/connect-0.7.20.tgz#ce5647368be21199d608715bbd77bcb7c25a4227"
  integrity sha512-f/sMgGUikJxDaNMkQXCU/1WaMy0MLJB+KS+P+CpsIhWyxj2dOcph5YXjAJiIlgrZqHImV28RJnraxXBD3AlmLQ==
  dependencies:
    "@substrate/connect-extension-protocol" "^1.0.1"
    eventemitter3 "^4.0.7"
    smoldot "0.7.11"

"@substrate/ss58-registry@^1.39.0":
  version "1.39.0"
  resolved "https://registry.yarnpkg.com/@substrate/ss58-registry/-/ss58-registry-1.39.0.tgz#eb916ff5fea7fa02e77745823fde21af979273d2"
  integrity sha512-qZYpuE6n+mwew+X71dOur/CbMXj6rNW27o63JeJwdQH/GvcSKm3JLNhd+bGzwUKg0D/zD30Qc6p4JykArzM+tA==

"@types/bn.js@^5.1.1":
  version "5.1.1"
  resolved "https://registry.yarnpkg.com/@types/bn.js/-/bn.js-5.1.1.tgz#b51e1b55920a4ca26e9285ff79936bbdec910682"
  integrity sha512-qNrYbZqMx0uJAfKnKclPh+dTwK33KfLHYqtyODwd5HnXOjnkhc4qgn3BrK6RWyGZm5+sIFE7Q7Vz6QQtJB7w7g==
  dependencies:
    "@types/node" "*"

"@types/node@*":
  version "17.0.23"
  resolved "https://registry.yarnpkg.com/@types/node/-/node-17.0.23.tgz#3b41a6e643589ac6442bdbd7a4a3ded62f33f7da"
  integrity sha512-UxDxWn7dl97rKVeVS61vErvw086aCYhDLyvRQZ5Rk65rZKepaFdm53GeqXaKBuOhED4e9uWq34IC3TdSdJJ2Gw==

ansi-regex@^5.0.1:
  version "5.0.1"
  resolved "https://registry.yarnpkg.com/ansi-regex/-/ansi-regex-5.0.1.tgz#082cb2c89c9fe8659a311a53bd6a4dc5301db304"
  integrity sha512-quJQXlTSUGL2LH9SUXo8VwsY4soanhgo6LNSm84E1LBcE8s3O0wpdiRzyR9z/ZZJMlMWv37qOOb9pdJlMUEKFQ==

ansi-styles@^4.0.0:
  version "4.3.0"
  resolved "https://registry.yarnpkg.com/ansi-styles/-/ansi-styles-4.3.0.tgz#edd803628ae71c04c85ae7a0906edad34b648937"
  integrity sha512-zbB9rCJAT1rbjiVDb2hqKFHNYLxgtk8NURxZ3IZwD3F6NtxbXZQCnnSi1Lkx+IDohdPlFp222wVALIheZJQSEg==
  dependencies:
    color-convert "^2.0.1"

bn.js@^5.2.1:
  version "5.2.1"
  resolved "https://registry.yarnpkg.com/bn.js/-/bn.js-5.2.1.tgz#0bc527a6a0d18d0aa8d5b0538ce4a77dccfa7b70"
  integrity sha512-eXRvHzWyYPBuB4NBy0cmYQjGitUrtqwbvlzP3G6VFnNRbsZQIxQ10PbKKHt8gZ/HW/D/747aDl+QkDqg3KQLMQ==

cliui@^8.0.1:
  version "8.0.1"
  resolved "https://registry.yarnpkg.com/cliui/-/cliui-8.0.1.tgz#0c04b075db02cbfe60dc8e6cf2f5486b1a3608aa"
  integrity sha512-BSeNnyus75C4//NQ9gQt1/csTXyo/8Sb+afLAkzAptFuMsod9HFokGNudZpi/oQV73hnVK+sR+5PVRMd+Dr7YQ==
  dependencies:
    string-width "^4.2.0"
    strip-ansi "^6.0.1"
    wrap-ansi "^7.0.0"

color-convert@^2.0.1:
  version "2.0.1"
  resolved "https://registry.yarnpkg.com/color-convert/-/color-convert-2.0.1.tgz#72d3a68d598c9bdb3af2ad1e84f21d896abd4de3"
  integrity sha512-RRECPsj7iu/xb5oKYcsFHSppFNnsj/52OVTRKb4zP5onXwVF3zVmmToNcOfGC+CRDpfK/U584fMg38ZHCaElKQ==
  dependencies:
    color-name "~1.1.4"

color-name@~1.1.4:
  version "1.1.4"
  resolved "https://registry.yarnpkg.com/color-name/-/color-name-1.1.4.tgz#c2a09a87acbde69543de6f63fa3995c826c536a2"
  integrity sha512-dOy+3AuW3a2wNbZHIuMZpTcgjGuLU/uBL/ubcZF9OXbDo8ff4O8yVp5Bf0efS8uEoYo5q4Fx7dY9OgQGXgAsQA==

data-uri-to-buffer@^4.0.0:
  version "4.0.1"
  resolved "https://registry.yarnpkg.com/data-uri-to-buffer/-/data-uri-to-buffer-4.0.1.tgz#d8feb2b2881e6a4f58c2e08acfd0e2834e26222e"
  integrity sha512-0R9ikRb668HB7QDxT1vkpuUBtqc53YyAwMwGeUFKRojY/NWKvdZ+9UYtRfGmhqNbRkTSVpMbmyhXipFFv2cb/A==

debug@^4.1.0:
  version "4.3.4"
  resolved "https://registry.yarnpkg.com/debug/-/debug-4.3.4.tgz#1319f6579357f2338d3337d2cdd4914bb5dcc865"
  integrity sha512-PRWFHuSU3eDtQJPvnNY7Jcket1j0t5OuOsFzPPzsekD52Zl8qUfFIPEiswXqIvHWGVHOgX+7G/vCNNhehwxfkQ==
  dependencies:
    ms "2.1.2"

ed2curve@^0.3.0:
  version "0.3.0"
  resolved "https://registry.yarnpkg.com/ed2curve/-/ed2curve-0.3.0.tgz#322b575152a45305429d546b071823a93129a05d"
  integrity sha512-8w2fmmq3hv9rCrcI7g9hms2pMunQr1JINfcjwR9tAyZqhtyaMN991lF/ZfHfr5tzZQ8c7y7aBgZbjfbd0fjFwQ==
  dependencies:
    tweetnacl "1.x.x"

emoji-regex@^8.0.0:
  version "8.0.0"
  resolved "https://registry.yarnpkg.com/emoji-regex/-/emoji-regex-8.0.0.tgz#e818fd69ce5ccfcb404594f842963bf53164cc37"
  integrity sha512-MSjYzcWNOA0ewAHpz0MxpYFvwg6yjy1NG3xteoqz644VCo/RPgnr1/GGt+ic3iJTzQ8Eu3TdM14SawnVUmGE6A==

escalade@^3.1.1:
  version "3.1.1"
  resolved "https://registry.yarnpkg.com/escalade/-/escalade-3.1.1.tgz#d8cfdc7000965c5a0174b4a82eaa5c0552742e40"
  integrity sha512-k0er2gUkLf8O0zKJiAhmkTnJlTvINGv7ygDNPbeIsX/TJjGJZHuh9B2UxbsaEkmlEo9MfhrSzmhIlhRlI2GXnw==

eventemitter3@^4.0.7:
  version "4.0.7"
  resolved "https://registry.yarnpkg.com/eventemitter3/-/eventemitter3-4.0.7.tgz#2de9b68f6528d5644ef5c59526a1b4a07306169f"
  integrity sha512-8guHBZCwKnFhYdHr2ysuRWErTwhoN2X8XELRlrRwpmfeY2jjuUN4taQMsULKUVo1K4DvZl+0pgfyoysHxvmvEw==

eventemitter3@^5.0.0:
  version "5.0.0"
  resolved "https://registry.yarnpkg.com/eventemitter3/-/eventemitter3-5.0.0.tgz#084eb7f5b5388df1451e63f4c2aafd71b217ccb3"
  integrity sha512-riuVbElZZNXLeLEoprfNYoDSwTBRR44X3mnhdI1YcnENpWTCsTTVZ2zFuqQcpoyqPQIUXdiPEU0ECAq0KQRaHg==

fetch-blob@^3.1.2, fetch-blob@^3.1.4:
  version "3.2.0"
  resolved "https://registry.yarnpkg.com/fetch-blob/-/fetch-blob-3.2.0.tgz#f09b8d4bbd45adc6f0c20b7e787e793e309dcce9"
  integrity sha512-7yAQpD2UMJzLi1Dqv7qFYnPbaPx7ZfFK6PiIxQ4PfkGPyNyl2Ugx+a/umUonmKqjhM4DnfbMvdX6otXq83soQQ==
  dependencies:
    node-domexception "^1.0.0"
    web-streams-polyfill "^3.0.3"

formdata-polyfill@^4.0.10:
  version "4.0.10"
  resolved "https://registry.yarnpkg.com/formdata-polyfill/-/formdata-polyfill-4.0.10.tgz#24807c31c9d402e002ab3d8c720144ceb8848423"
  integrity sha512-buewHzMvYL29jdeQTVILecSaZKnt/RJWjoZCF5OW60Z67/GmSLBkOFM7qh1PI3zFNtJbaZL5eQu1vLfazOwj4g==
  dependencies:
    fetch-blob "^3.1.2"

get-caller-file@^2.0.5:
  version "2.0.5"
  resolved "https://registry.yarnpkg.com/get-caller-file/-/get-caller-file-2.0.5.tgz#4f94412a82db32f36e3b0b9741f8a97feb031f7e"
  integrity sha512-DyFP3BM/3YHTQOCUL/w0OZHR0lpKeGrxotcHWcqNEdnltqFwXVfhEBQ94eIo34AfQpo0rGki4cyIiftY06h2Fg==

is-fullwidth-code-point@^3.0.0:
  version "3.0.0"
  resolved "https://registry.yarnpkg.com/is-fullwidth-code-point/-/is-fullwidth-code-point-3.0.0.tgz#f116f8064fe90b3f7844a38997c0b75051269f1d"
  integrity sha512-zymm5+u+sCsSWyD9qNaejV3DFvhCKclKdizYaJUuHA83RLjb7nSuGnddCHGv0hk+KY7BMAlsWeK4Ueg6EV6XQg==

json-stringify-safe@^5.0.1:
  version "5.0.1"
  resolved "https://registry.yarnpkg.com/json-stringify-safe/-/json-stringify-safe-5.0.1.tgz#1296a2d58fd45f19a0f6ce01d65701e2c735b6eb"
  integrity sha1-Epai1Y/UXxmg9s4B1lcB4sc1tus=

lodash@^4.17.21:
  version "4.17.21"
  resolved "https://registry.yarnpkg.com/lodash/-/lodash-4.17.21.tgz#679591c564c3bffaae8454cf0b3df370c3d6911c"
  integrity sha512-v2kDEe57lecTulaDIuNTPy3Ry4gLGJ6Z1O3vE1krgXZNrsQ+LFTGHVxVjcXPs17LhbZVGedAJv8XZ1tvj5FvSg==

mock-socket@^9.2.1:
  version "9.2.1"
  resolved "https://registry.yarnpkg.com/mock-socket/-/mock-socket-9.2.1.tgz#cc9c0810aa4d0afe02d721dcb2b7e657c00e2282"
  integrity sha512-aw9F9T9G2zpGipLLhSNh6ZpgUyUl4frcVmRN08uE1NWPWg43Wx6+sGPDbQ7E5iFZZDJW5b5bypMeAEHqTbIFag==

ms@2.1.2:
  version "2.1.2"
  resolved "https://registry.yarnpkg.com/ms/-/ms-2.1.2.tgz#d09d1f357b443f493382a8eb3ccd183872ae6009"
  integrity sha512-sGkPx+VjMtmA6MX27oA4FBFELFCZZ4S4XqeGOXCv68tT+jb3vk/RyaKWP0PTKyWtmLSM0b+adUTEvbs1PEaH2w==

nock@^13.3.0:
  version "13.3.0"
  resolved "https://registry.yarnpkg.com/nock/-/nock-13.3.0.tgz#b13069c1a03f1ad63120f994b04bfd2556925768"
  integrity sha512-HHqYQ6mBeiMc+N038w8LkMpDCRquCHWeNmN3v6645P3NhN2+qXOBqvPqo7Rt1VyCMzKhJ733wZqw5B7cQVFNPg==
  dependencies:
    debug "^4.1.0"
    json-stringify-safe "^5.0.1"
    lodash "^4.17.21"
    propagate "^2.0.0"

node-domexception@^1.0.0:
  version "1.0.0"
  resolved "https://registry.yarnpkg.com/node-domexception/-/node-domexception-1.0.0.tgz#6888db46a1f71c0b76b3f7555016b63fe64766e5"
  integrity sha512-/jKZoMpw0F8GRwl4/eLROPA3cfcXtLApP0QzLmUT/HuPCZWyB7IY9ZrMeKw2O/nFIqPQB3PVM9aYm0F312AXDQ==

node-fetch@^3.3.0:
  version "3.3.0"
  resolved "https://registry.yarnpkg.com/node-fetch/-/node-fetch-3.3.0.tgz#37e71db4ecc257057af828d523a7243d651d91e4"
  integrity sha512-BKwRP/O0UvoMKp7GNdwPlObhYGB5DQqwhEDQlNKuoqwVYSxkSZCSbHjnFFmUEtwSKRPU4kNK8PbDYYitwaE3QA==
  dependencies:
    data-uri-to-buffer "^4.0.0"
    fetch-blob "^3.1.4"
    formdata-polyfill "^4.0.10"

pako@^2.0.4:
  version "2.0.4"
  resolved "https://registry.yarnpkg.com/pako/-/pako-2.0.4.tgz#6cebc4bbb0b6c73b0d5b8d7e8476e2b2fbea576d"
  integrity sha512-v8tweI900AUkZN6heMU/4Uy4cXRc2AYNRggVmTR+dEncawDJgCdLMximOVA2p4qO57WMynangsfGRb5WD6L1Bg==

propagate@^2.0.0:
  version "2.0.1"
  resolved "https://registry.yarnpkg.com/propagate/-/propagate-2.0.1.tgz#40cdedab18085c792334e64f0ac17256d38f9a45"
  integrity sha512-vGrhOavPSTz4QVNuBNdcNXePNdNMaO1xj9yBeH1ScQPjk/rhg9sSlCXPhMkFuaNNW/syTvYqsnbIJxMBfRbbag==

require-directory@^2.1.1:
  version "2.1.1"
  resolved "https://registry.yarnpkg.com/require-directory/-/require-directory-2.1.1.tgz#8c64ad5fd30dab1c976e2344ffe7f792a6a6df42"
  integrity sha1-jGStX9MNqxyXbiNE/+f3kqam30I=

rxjs@^7.8.0:
  version "7.8.0"
  resolved "https://registry.yarnpkg.com/rxjs/-/rxjs-7.8.0.tgz#90a938862a82888ff4c7359811a595e14e1e09a4"
  integrity sha512-F2+gxDshqmIub1KdvZkaEfGDwLNpPvk9Fs6LD/MyQxNgMds/WH9OdDDXOmxUZpME+iSK3rQCctkL0DYyytUqMg==
  dependencies:
    tslib "^2.1.0"

smoldot@0.7.11:
  version "0.7.11"
  resolved "https://registry.yarnpkg.com/smoldot/-/smoldot-0.7.11.tgz#8e39464f2cf7736eacff5f2a87819dd9f688b352"
  integrity sha512-aE1led154FJ2/jrXKv2HLKdNIyvYJG6H2ZmKYFS++kW1OAcTQ6idDy3fzAI1VdydLDYK0YbKUsj7SJDmrjsS3g==
  dependencies:
    pako "^2.0.4"
    ws "^8.8.1"

string-width@^4.1.0, string-width@^4.2.0, string-width@^4.2.3:
  version "4.2.3"
  resolved "https://registry.yarnpkg.com/string-width/-/string-width-4.2.3.tgz#269c7117d27b05ad2e536830a8ec895ef9c6d010"
  integrity sha512-wKyQRQpjJ0sIp62ErSZdGsjMJWsap5oRNihHhu6G7JVO/9jIB6UyevL+tXuOqrng8j/cxKTWyWUwvSTriiZz/g==
  dependencies:
    emoji-regex "^8.0.0"
    is-fullwidth-code-point "^3.0.0"
    strip-ansi "^6.0.1"

strip-ansi@^6.0.0, strip-ansi@^6.0.1:
  version "6.0.1"
  resolved "https://registry.yarnpkg.com/strip-ansi/-/strip-ansi-6.0.1.tgz#9e26c63d30f53443e9489495b2105d37b67a85d9"
  integrity sha512-Y38VPSHcqkFrCpFnQ9vuSXmquuv5oXOKpGeT6aGrr3o3Gc9AlVa6JBfUSOCnbxGGZF+/0ooI7KrPuUSztUdU5A==
  dependencies:
    ansi-regex "^5.0.1"

tslib@^2.1.0, tslib@^2.5.0:
  version "2.5.0"
  resolved "https://registry.yarnpkg.com/tslib/-/tslib-2.5.0.tgz#42bfed86f5787aeb41d031866c8f402429e0fddf"
  integrity sha512-336iVw3rtn2BUK7ORdIAHTyxHGRIHVReokCR3XjbckJMK7ms8FysBfhLR8IXnAgy7T0PTPNBWKiH514FOW/WSg==

tweetnacl@1.x.x, tweetnacl@^1.0.3:
  version "1.0.3"
  resolved "https://registry.yarnpkg.com/tweetnacl/-/tweetnacl-1.0.3.tgz#ac0af71680458d8a6378d0d0d050ab1407d35596"
  integrity sha512-6rt+RN7aOi1nGMyC4Xa5DdYiukl2UWCbcJft7YhxReBGQD7OAM8Pbxw6YMo4r2diNEA8FEmu32YOn9rhaiE5yw==

web-streams-polyfill@^3.0.3:
  version "3.2.1"
  resolved "https://registry.yarnpkg.com/web-streams-polyfill/-/web-streams-polyfill-3.2.1.tgz#71c2718c52b45fd49dbeee88634b3a60ceab42a6"
  integrity sha512-e0MO3wdXWKrLbL0DgGnUV7WHVuw9OUvL4hjgnPkIeEvESk74gAITi5G606JtZPp39cd8HA9VQzCIvA49LpPN5Q==

wrap-ansi@^7.0.0:
  version "7.0.0"
  resolved "https://registry.yarnpkg.com/wrap-ansi/-/wrap-ansi-7.0.0.tgz#67e145cff510a6a6984bdf1152911d69d2eb9e43"
  integrity sha512-YVGIj2kamLSTxw6NsZjoBxfSwsn0ycdesmc4p+Q21c5zPuZ1pl+NfxVdxPtdHvmNVOQ6XSYG4AUtyt/Fi7D16Q==
  dependencies:
    ansi-styles "^4.0.0"
    string-width "^4.1.0"
    strip-ansi "^6.0.0"

ws@^8.12.1, ws@^8.8.1:
  version "8.12.1"
  resolved "https://registry.yarnpkg.com/ws/-/ws-8.12.1.tgz#c51e583d79140b5e42e39be48c934131942d4a8f"
  integrity sha512-1qo+M9Ba+xNhPB+YTWUlK6M17brTut5EXbcBaMRN5pH5dFrXz7lzz1ChFSUq3bOUl8yEvSenhHmYUNJxFzdJew==

y18n@^5.0.5:
  version "5.0.8"
  resolved "https://registry.yarnpkg.com/y18n/-/y18n-5.0.8.tgz#7f4934d0f7ca8c56f95314939ddcd2dd91ce1d55"
  integrity sha512-0pfFzegeDWJHJIAmTLRP2DwHjdF5s7jo9tuztdQxAhINCdvS+3nGINqPd00AphqJR/0LhANUS6/+7SCb98YOfA==

yargs-parser@^21.1.1:
  version "21.1.1"
  resolved "https://registry.yarnpkg.com/yargs-parser/-/yargs-parser-21.1.1.tgz#9096bceebf990d21bb31fa9516e0ede294a77d35"
  integrity sha512-tVpsJW7DdjecAiFpbIB1e3qxIQsE6NoPc5/eTdrbbIC4h0LVsWhnoa3g+m2HclBIujHzsxZ4VJVA+GUuc2/LBw==

yargs@^17.7.1:
  version "17.7.1"
  resolved "https://registry.yarnpkg.com/yargs/-/yargs-17.7.1.tgz#34a77645201d1a8fc5213ace787c220eabbd0967"
  integrity sha512-cwiTb08Xuv5fqF4AovYacTFNxk62th7LKJ6BL9IGUpTJrWoU7/7WdQGTP2SjKf1dUNBGzDd28p/Yfs/GI6JrLw==
  dependencies:
    cliui "^8.0.1"
    escalade "^3.1.1"
    get-caller-file "^2.0.5"
    require-directory "^2.1.1"
    string-width "^4.2.3"
    y18n "^5.0.5"
    yargs-parser "^21.1.1"
