# THIS IS AN AUTOGENERATED FILE. DO NOT EDIT THIS FILE DIRECTLY.
# yarn lockfile v1


"@noble/hashes@1.2.0":
  version "1.2.0"
  resolved "https://registry.yarnpkg.com/@noble/hashes/-/hashes-1.2.0.tgz#a3150eeb09cc7ab207ebf6d7b9ad311a9bdbed12"
  integrity sha512-FZfhjEDbT5GRswV3C6uvLPHMiVD6lQBmpoX5+eSiPaMTXte/IKqI5dykDxzZB/WBeK/CDuQRBWarPdi3FNY2zQ==

"@noble/secp256k1@1.7.1":
  version "1.7.1"
  resolved "https://registry.yarnpkg.com/@noble/secp256k1/-/secp256k1-1.7.1.tgz#b251c70f824ce3ca7f8dc3df08d58f005cc0507c"
  integrity sha512-hOUk6AyBFmqVrv7k5WAw/LpszxVbj9gGN4JRkIX52fdFAj1UA61KXmZDvqVEm+pOyec3+fIeZB02LYa/pWOArw==

"@polkadot/api-augment@10.1.2":
  version "10.1.2"
  resolved "https://registry.yarnpkg.com/@polkadot/api-augment/-/api-augment-10.1.2.tgz#f2560a3ef4306fc3cca8a7413cb57bbe7fd7ac4a"
  integrity sha512-thpMWXxfIgjZDI7MuHE9YjUqYtI5CS0Lpr4k9UKl2GOJy9mW74igaLFmlUVsry1jy+Td4e+ddWDJmtRxuqBHdA==
  dependencies:
    "@polkadot/api-base" "10.1.2"
    "@polkadot/rpc-augment" "10.1.2"
    "@polkadot/types" "10.1.2"
    "@polkadot/types-augment" "10.1.2"
    "@polkadot/types-codec" "10.1.2"
    "@polkadot/util" "^11.0.2"
    tslib "^2.5.0"

"@polkadot/api-base@10.1.2":
  version "10.1.2"
  resolved "https://registry.yarnpkg.com/@polkadot/api-base/-/api-base-10.1.2.tgz#b420721165955c0aea815d322113a5f42680d214"
  integrity sha512-CH+991pSdr4fxxEhajpY6IqVv8lHjEdXouwJiP1QKh5b6BjSzTHmIqV40q5LB/Y6Ok3ids41Lw01ZZk4ax0nrg==
  dependencies:
    "@polkadot/rpc-core" "10.1.2"
    "@polkadot/types" "10.1.2"
    "@polkadot/util" "^11.0.2"
    rxjs "^7.8.0"
    tslib "^2.5.0"

"@polkadot/api-cli@^0.53":
  version "0.53.5"
  resolved "https://registry.yarnpkg.com/@polkadot/api-cli/-/api-cli-0.53.5.tgz#5dd5c8306e44a1e697bd6347d17118bfd027b700"
  integrity sha512-RnXJaK8P69fqgpjj4k4/RoE54Sxqwrmga8u5SoXKpM4rtpLYKcvtuPW2iV3C245u101lkK4etejGOwrwh4y1Mw==
  dependencies:
    "@polkadot/api" "^10.1.1"
    "@polkadot/keyring" "^11.0.2"
    "@polkadot/types" "^10.1.1"
    "@polkadot/util" "^11.0.2"
    "@polkadot/util-crypto" "^11.0.2"
    tslib "^2.5.0"
    yargs "^17.7.1"

"@polkadot/api-derive@10.1.2":
  version "10.1.2"
  resolved "https://registry.yarnpkg.com/@polkadot/api-derive/-/api-derive-10.1.2.tgz#89fe782538ad1440cbc7aa6df3c3344dd31cefa6"
  integrity sha512-SaDBIOKvaOdn4uBOL4FannLxXSWMcZSP5SOcgKNDUW1i9LhFJSm0/OMP7jDhB8eKESsb5iehe1yhlSEqwfgKAQ==
  dependencies:
    "@polkadot/api" "10.1.2"
    "@polkadot/api-augment" "10.1.2"
    "@polkadot/api-base" "10.1.2"
    "@polkadot/rpc-core" "10.1.2"
    "@polkadot/types" "10.1.2"
    "@polkadot/types-codec" "10.1.2"
    "@polkadot/util" "^11.0.2"
    "@polkadot/util-crypto" "^11.0.2"
    rxjs "^7.8.0"
    tslib "^2.5.0"

"@polkadot/api@10.1.2", "@polkadot/api@^10.1.1":
  version "10.1.2"
  resolved "https://registry.yarnpkg.com/@polkadot/api/-/api-10.1.2.tgz#c0b6ba5a7c5f27b75f4500039b1d806b0166ad4e"
  integrity sha512-JCgU/y8ciF9pA655VeqxqoWZDkKwL/A/uEf7nArjqPLTd7rtkP72JQ6RjEdVMn27MVL5EX2wWrkZd81rb1Tuzg==
  dependencies:
    "@polkadot/api-augment" "10.1.2"
    "@polkadot/api-base" "10.1.2"
    "@polkadot/api-derive" "10.1.2"
    "@polkadot/keyring" "^11.0.2"
    "@polkadot/rpc-augment" "10.1.2"
    "@polkadot/rpc-core" "10.1.2"
    "@polkadot/rpc-provider" "10.1.2"
    "@polkadot/types" "10.1.2"
    "@polkadot/types-augment" "10.1.2"
    "@polkadot/types-codec" "10.1.2"
    "@polkadot/types-create" "10.1.2"
    "@polkadot/types-known" "10.1.2"
    "@polkadot/util" "^11.0.2"
    "@polkadot/util-crypto" "^11.0.2"
    eventemitter3 "^5.0.0"
    rxjs "^7.8.0"
    tslib "^2.5.0"

"@polkadot/keyring@^11.0.2":
  version "11.0.2"
  resolved "https://registry.yarnpkg.com/@polkadot/keyring/-/keyring-11.0.2.tgz#60f490c64fb785952f4bcaf1552c00b0242d7989"
  integrity sha512-J3EnQJSW+qRjej2hgKi71jWKXqaW3LvJVwfIZL/P5P1k+795GS3GDqbyF04UpAXXidCAFpOz7B/W3Qtd90TsTw==
  dependencies:
    "@polkadot/util" "11.0.2"
    "@polkadot/util-crypto" "11.0.2"
    tslib "^2.5.0"

"@polkadot/networks@11.0.2", "@polkadot/networks@^11.0.2":
  version "11.0.2"
  resolved "https://registry.yarnpkg.com/@polkadot/networks/-/networks-11.0.2.tgz#2bf5996c45e48bb418594cf9ead465aff1f2599d"
  integrity sha512-f6F4UpzvY7MoFiXpkldX2IIkhsb1YTrLo+PBtDgxsmRmQOLGXN5nm0p3eXkfLwRB3uv/uqsYWF3ffseYQeqeIw==
  dependencies:
    "@polkadot/util" "11.0.2"
    "@substrate/ss58-registry" "^1.39.0"
    tslib "^2.5.0"

"@polkadot/rpc-augment@10.1.2":
  version "10.1.2"
  resolved "https://registry.yarnpkg.com/@polkadot/rpc-augment/-/rpc-augment-10.1.2.tgz#a89c62af7e4bd2bab760d62b984b1a6f7e017d25"
  integrity sha512-gBFMDz9xGDoYzzfpz/YQzcAW5Mh+wXYbwHpxBGgT8UVPkNgX/y+/Q9CukNlNadtGsEur8OlKPzTSsbaBblY37Q==
  dependencies:
    "@polkadot/rpc-core" "10.1.2"
    "@polkadot/types" "10.1.2"
    "@polkadot/types-codec" "10.1.2"
    "@polkadot/util" "^11.0.2"
    tslib "^2.5.0"

"@polkadot/rpc-core@10.1.2":
  version "10.1.2"
  resolved "https://registry.yarnpkg.com/@polkadot/rpc-core/-/rpc-core-10.1.2.tgz#29c1845229909071dcd5edd5808686245dccb7d8"
  integrity sha512-r0uZqCBR3xdtLihBCet8HbKqry7jBI9bS2rX1jBaYMPjE4WXyDJs9gxMGP38LOZMMX4FxHNm4ooAw26oFM2eyQ==
  dependencies:
    "@polkadot/rpc-augment" "10.1.2"
    "@polkadot/rpc-provider" "10.1.2"
    "@polkadot/types" "10.1.2"
    "@polkadot/util" "^11.0.2"
    rxjs "^7.8.0"
    tslib "^2.5.0"

"@polkadot/rpc-provider@10.1.2":
  version "10.1.2"
  resolved "https://registry.yarnpkg.com/@polkadot/rpc-provider/-/rpc-provider-10.1.2.tgz#86776137e5443ec316f45a448b7c097056314159"
  integrity sha512-g0tKw0OyAqDhLBmnfYAEwG32X1m2Kh7kpc2HIiBJ8BpO1qevgTyZPKOWx/dlZIM6pY/de43mhAa40aOdwWlSpw==
  dependencies:
    "@polkadot/keyring" "^11.0.2"
    "@polkadot/types" "10.1.2"
    "@polkadot/types-support" "10.1.2"
    "@polkadot/util" "^11.0.2"
    "@polkadot/util-crypto" "^11.0.2"
    "@polkadot/x-fetch" "^11.0.2"
    "@polkadot/x-global" "^11.0.2"
    "@polkadot/x-ws" "^11.0.2"
    eventemitter3 "^5.0.0"
    mock-socket "^9.2.1"
    nock "^13.3.0"
    tslib "^2.5.0"
  optionalDependencies:
    "@substrate/connect" "0.7.20"

"@polkadot/types-augment@10.1.2":
  version "10.1.2"
  resolved "https://registry.yarnpkg.com/@polkadot/types-augment/-/types-augment-10.1.2.tgz#9784ecc1c0465665fc9a020222acac65da32ec04"
  integrity sha512-Ke0l5DXB7Cli8eW8+x1FlZxhL7jeooLPesP4wRA+GXnPVzrH59GeTMXgei5ch7GXJg16vCK7r6XktVg8FWxA2Q==
  dependencies:
    "@polkadot/types" "10.1.2"
    "@polkadot/types-codec" "10.1.2"
    "@polkadot/util" "^11.0.2"
    tslib "^2.5.0"

"@polkadot/types-codec@10.1.2":
  version "10.1.2"
  resolved "https://registry.yarnpkg.com/@polkadot/types-codec/-/types-codec-10.1.2.tgz#5fc5620f28ded2951e669b88bc512336147bb0df"
  integrity sha512-DmY1m8mZizfbUNASTwi0BTViqnUMe7fCBSkmqcWOMizStZ0wFJJAbTbSttDJtuRyzApKQnlFX30sE+A+uEXcAg==
  dependencies:
    "@polkadot/util" "^11.0.2"
    "@polkadot/x-bigint" "^11.0.2"
    tslib "^2.5.0"

"@polkadot/types-create@10.1.2":
  version "10.1.2"
  resolved "https://registry.yarnpkg.com/@polkadot/types-create/-/types-create-10.1.2.tgz#3e9cb08b0311f15bb5ff2a79f98ace311d8d236f"
  integrity sha512-mSYUWtxb60IsFaV2hP68QTw6hmfWrWEMf/kRBx0jaaXOZYr0U/qHJRDJmC5rtWHNCHYR+PjFBjHbBpJxgnG56A==
  dependencies:
    "@polkadot/types-codec" "10.1.2"
    "@polkadot/util" "^11.0.2"
    tslib "^2.5.0"

"@polkadot/types-known@10.1.2":
  version "10.1.2"
  resolved "https://registry.yarnpkg.com/@polkadot/types-known/-/types-known-10.1.2.tgz#cbdda40ecf423d7b57cee226802371f5fa403690"
  integrity sha512-OD1mll9amN/d3Ihz09vvSPQIv8tiAndqYm+rsYFsThPx2fHuCBQ5n6mVuCK5Qva8wkTwoFzazDjfqwbkU/ZS1w==
  dependencies:
    "@polkadot/networks" "^11.0.2"
    "@polkadot/types" "10.1.2"
    "@polkadot/types-codec" "10.1.2"
    "@polkadot/types-create" "10.1.2"
    "@polkadot/util" "^11.0.2"
    tslib "^2.5.0"

"@polkadot/types-support@10.1.2":
  version "10.1.2"
  resolved "https://registry.yarnpkg.com/@polkadot/types-support/-/types-support-10.1.2.tgz#26c063726470c78086a3142e5bd5aea5d3f052e5"
  integrity sha512-ovIPX7+jep8HrjahE1/rWVc/OCvobbjEQFBNiqn66GGwtk/Vo6P57SjjR05kXIDyyaCTL0guZGdfu2sAWdrnjA==
  dependencies:
    "@polkadot/util" "^11.0.2"
    tslib "^2.5.0"

"@polkadot/types@10.1.2", "@polkadot/types@^10.1.1":
  version "10.1.2"
  resolved "https://registry.yarnpkg.com/@polkadot/types/-/types-10.1.2.tgz#9c70763d8060067b5d63ad8c6b974bef8e730988"
  integrity sha512-/PfKxOL8zG8vv6+GsRRHfbHooxEockUGdnpxXRzzicx299+CNgclRpHOS/z+s2675o7F8uX8WWHcxk0dLM5L9Q==
  dependencies:
    "@polkadot/keyring" "^11.0.2"
    "@polkadot/types-augment" "10.1.2"
    "@polkadot/types-codec" "10.1.2"
    "@polkadot/types-create" "10.1.2"
    "@polkadot/util" "^11.0.2"
    "@polkadot/util-crypto" "^11.0.2"
    rxjs "^7.8.0"
    tslib "^2.5.0"

"@polkadot/util-crypto@11.0.2", "@polkadot/util-crypto@^11.0.2":
  version "11.0.2"
  resolved "https://registry.yarnpkg.com/@polkadot/util-crypto/-/util-crypto-11.0.2.tgz#fd15c8b08592ae1c773988bc0243ae885e5fdd5f"
  integrity sha512-pYy/XXBm7jya6gavW/OkvFAUhkWf5VzF+9klHNLkahmNjAy50Vthf8EQwuYvrmsW0s8RARSZ9Do9Kg2Ngpn25Q==
  dependencies:
    "@noble/hashes" "1.2.0"
    "@noble/secp256k1" "1.7.1"
    "@polkadot/networks" "11.0.2"
    "@polkadot/util" "11.0.2"
    "@polkadot/wasm-crypto" "^7.0.3"
    "@polkadot/x-bigint" "11.0.2"
    "@polkadot/x-randomvalues" "11.0.2"
    "@scure/base" "1.1.1"
    ed2curve "^0.3.0"
    tslib "^2.5.0"
    tweetnacl "^1.0.3"

"@polkadot/util@11.0.2", "@polkadot/util@^11.0.2":
  version "11.0.2"
  resolved "https://registry.yarnpkg.com/@polkadot/util/-/util-11.0.2.tgz#c6d989071a05f70f446c23ed7d97ec6fdbd914ef"
  integrity sha512-AKz7/V62CDiU7lcV+20hXtAoPsZGsk3/ndkWjX4TkHMJmBmMssQqErWlY0JGzbxwoUNYIIHSv2gSpC0IhjAhNQ==
  dependencies:
    "@polkadot/x-bigint" "11.0.2"
    "@polkadot/x-global" "11.0.2"
    "@polkadot/x-textdecoder" "11.0.2"
    "@polkadot/x-textencoder" "11.0.2"
    "@types/bn.js" "^5.1.1"
    bn.js "^5.2.1"
    tslib "^2.5.0"

"@polkadot/wasm-bridge@7.0.3":
  version "7.0.3"
  resolved "https://registry.yarnpkg.com/@polkadot/wasm-bridge/-/wasm-bridge-7.0.3.tgz#9691450830604dc4a361692a8a2a3df22fa53e96"
  integrity sha512-q5qyhkGE9lHQmThNg6G5zCM4gYip2KtmR+De/URX7yWAO6snsinFqt066RFVuHvX1hZijrYSe/BGQABAUtH4pw==
  dependencies:
    tslib "^2.5.0"

"@polkadot/wasm-crypto-asmjs@7.0.3":
  version "7.0.3"
  resolved "https://registry.yarnpkg.com/@polkadot/wasm-crypto-asmjs/-/wasm-crypto-asmjs-7.0.3.tgz#a1bc942029979b2696a1062066d774e99a5a6b4c"
  integrity sha512-ldMZjowYywn0Uj7jSr8a21rrlFFq/jWhCXVl21/KDcYGdFEfIajqbcrO5cHoT6w95sQgAwMWJwwDClXOaBjc/Q==
  dependencies:
    tslib "^2.5.0"

"@polkadot/wasm-crypto-init@7.0.3":
  version "7.0.3"
  resolved "https://registry.yarnpkg.com/@polkadot/wasm-crypto-init/-/wasm-crypto-init-7.0.3.tgz#336af713edfcd6fdd0194fee2919781893fba577"
  integrity sha512-W4ClfPrzOTqiX0x4h6rXjCt8UsVsbg3zU7LJFFjeLgrguPoKTLGw4h5O1rR2H7EuMFbuqdztzJn3qTjBcR03Cg==
  dependencies:
    "@polkadot/wasm-bridge" "7.0.3"
    "@polkadot/wasm-crypto-asmjs" "7.0.3"
    "@polkadot/wasm-crypto-wasm" "7.0.3"
    tslib "^2.5.0"

"@polkadot/wasm-crypto-wasm@7.0.3":
  version "7.0.3"
  resolved "https://registry.yarnpkg.com/@polkadot/wasm-crypto-wasm/-/wasm-crypto-wasm-7.0.3.tgz#016834b1eb2564d8a13b133ee77a4612ad873d41"
  integrity sha512-FRjUADiA3wMkjJqQLgB0v9rbSADcb2PY/6dJi06iza9m41HebTN3x7f5D3gWTCfgJjzWLAPchY2Hwsa0WpTQkw==
  dependencies:
    "@polkadot/wasm-util" "7.0.3"
    tslib "^2.5.0"

"@polkadot/wasm-crypto@^7.0.3":
  version "7.0.3"
  resolved "https://registry.yarnpkg.com/@polkadot/wasm-crypto/-/wasm-crypto-7.0.3.tgz#e07ddbeea0b45149d8e58be292ad423d646f1cb1"
  integrity sha512-mOCLCaL9cyrU72PCc9nMNAj3zdvOzau5mOGJjLahIz+mqlHAoAmEXCAJvJ2qCo7OFl8QiDToAEGhdDWQfiHUyg==
  dependencies:
    "@polkadot/wasm-bridge" "7.0.3"
    "@polkadot/wasm-crypto-asmjs" "7.0.3"
    "@polkadot/wasm-crypto-init" "7.0.3"
    "@polkadot/wasm-crypto-wasm" "7.0.3"
    "@polkadot/wasm-util" "7.0.3"
    tslib "^2.5.0"

"@polkadot/wasm-util@7.0.3":
  version "7.0.3"
  resolved "https://registry.yarnpkg.com/@polkadot/wasm-util/-/wasm-util-7.0.3.tgz#eab59f9dac0f00ca736aff8b24925108b7b2f860"
  integrity sha512-L9U5nSbzr5xa2YSpveP/zZxhOB6i8ibssK+ihuG+7SICYtTC0B9wJp/UnjP/c6bEDlMV3yWiNXJPBTJMGmkmIQ==
  dependencies:
    tslib "^2.5.0"

"@polkadot/x-bigint@11.0.2", "@polkadot/x-bigint@^11.0.2":
  version "11.0.2"
  resolved "https://registry.yarnpkg.com/@polkadot/x-bigint/-/x-bigint-11.0.2.tgz#dcb3589583b575abe39f344dbfe53a1dea7b98b3"
  integrity sha512-/3RmlpY/I6CaCQOET1lllOlbLyBHfcJzw5/lXINrY7aWavG8DiHL1Gnl+Mi507aCor2K1GpRsEswhPhchgTInA==
  dependencies:
    "@polkadot/x-global" "11.0.2"
    tslib "^2.5.0"

"@polkadot/x-fetch@^11.0.2":
  version "11.0.2"
  resolved "https://registry.yarnpkg.com/@polkadot/x-fetch/-/x-fetch-11.0.2.tgz#7308b3d8e256b012b33b01a026122b629101445d"
  integrity sha512-P5Jdgu4yON8ofqICTGM+jHUPUnT18oX3i/Ah58EUHdlVjqyJWHVfXAZSnRYNB2X/igQkz7bz8OEunxSQkIhHlg==
  dependencies:
    "@polkadot/x-global" "11.0.2"
    node-fetch "^3.3.0"
    tslib "^2.5.0"

"@polkadot/x-global@11.0.2", "@polkadot/x-global@^11.0.2":
  version "11.0.2"
  resolved "https://registry.yarnpkg.com/@polkadot/x-global/-/x-global-11.0.2.tgz#f4dffc5d03b777be1ef8020c7402d563ef2d57b9"
  integrity sha512-bIW4K9JXZDcrZinH7Fl3ogs70kyfLZPo5DxOJkS7Pu0m17v2oh/fRk+G8QXGo5ZTnLcLyldJxIIRiGY3TkS2Tw==
  dependencies:
    tslib "^2.5.0"

"@polkadot/x-randomvalues@11.0.2":
  version "11.0.2"
  resolved "https://registry.yarnpkg.com/@polkadot/x-randomvalues/-/x-randomvalues-11.0.2.tgz#0b471169930a41ce7bc30452876cc53a4a2cef6a"
  integrity sha512-y8Hhp3vTiQ65gXFfxFtHCFrgHrzURly0Kteo8a38Yttz4KGJzhbEUHYijnB0Ss/pHLoIieuhHNCRCnGEJQYbrA==
  dependencies:
    "@polkadot/x-global" "11.0.2"
    tslib "^2.5.0"

"@polkadot/x-textdecoder@11.0.2":
  version "11.0.2"
  resolved "https://registry.yarnpkg.com/@polkadot/x-textdecoder/-/x-textdecoder-11.0.2.tgz#1c765c4f8c5d5e6ea755df80cb7fbc8c6cec2085"
  integrity sha512-tEoc1cl0Pcmx7cl/Kg+eqOEhWjgg66mHq95peD9FCo5dN/fpTn+gbrVOanetMjybKlAJ8Hzacm3nWtNqWIwQuQ==
  dependencies:
    "@polkadot/x-global" "11.0.2"
    tslib "^2.5.0"

"@polkadot/x-textencoder@11.0.2":
  version "11.0.2"
  resolved "https://registry.yarnpkg.com/@polkadot/x-textencoder/-/x-textencoder-11.0.2.tgz#e8b3c5a887e09fc5e514d16cace9bcff9cb34b65"
  integrity sha512-UTb2e8Q7o8Z03TXjYnQL8qT/8vcF9pjVKhJrE+domLGfECEvHK8gWOrjsSPt3nep64Ha2S1BglZKrxGLUxwQWw==
  dependencies:
    "@polkadot/x-global" "11.0.2"
    tslib "^2.5.0"

"@polkadot/x-ws@^11.0.2":
  version "11.0.2"
  resolved "https://registry.yarnpkg.com/@polkadot/x-ws/-/x-ws-11.0.2.tgz#ef2087ac387f3fbb69dcb2ccf4b63cb1ff949902"
  integrity sha512-8VI3t9tLjAYJB0uV08WiELzS6znquhj0XIyV+BQm0h4OAQLMoEzpUYp4BlzVmUM7htEzI1SLDcM52hZUvI1new==
  dependencies:
    "@polkadot/x-global" "11.0.2"
    tslib "^2.5.0"
    ws "^8.13.0"

"@scure/base@1.1.1":
  version "1.1.1"
  resolved "https://registry.yarnpkg.com/@scure/base/-/base-1.1.1.tgz#ebb651ee52ff84f420097055f4bf46cfba403938"
  integrity sha512-ZxOhsSyxYwLJj3pLZCefNitxsj093tb2vq90mp2txoYeBqbcjDjqFhyM8eUjq/uFm6zJ+mUuqxlS2FkuSY1MTA==

"@substrate/connect-extension-protocol@^1.0.1":
  version "1.0.1"
  resolved "https://registry.yarnpkg.com/@substrate/connect-extension-protocol/-/connect-extension-protocol-1.0.1.tgz#fa5738039586c648013caa6a0c95c43265dbe77d"
  integrity sha512-161JhCC1csjH3GE5mPLEd7HbWtwNSPJBg3p1Ksz9SFlTzj/bgEwudiRN2y5i0MoLGCIJRYKyKGMxVnd29PzNjg==

"@substrate/connect@0.7.20":
  version "0.7.20"
  resolved "https://registry.yarnpkg.com/@substrate/connect/-/connect-0.7.20.tgz#ce5647368be21199d608715bbd77bcb7c25a4227"
  integrity sha512-f/sMgGUikJxDaNMkQXCU/1WaMy0MLJB+KS+P+CpsIhWyxj2dOcph5YXjAJiIlgrZqHImV28RJnraxXBD3AlmLQ==
  dependencies:
    "@substrate/connect-extension-protocol" "^1.0.1"
    eventemitter3 "^4.0.7"
    smoldot "0.7.11"

"@substrate/ss58-registry@^1.39.0":
  version "1.39.0"
  resolved "https://registry.yarnpkg.com/@substrate/ss58-registry/-/ss58-registry-1.39.0.tgz#eb916ff5fea7fa02e77745823fde21af979273d2"
  integrity sha512-qZYpuE6n+mwew+X71dOur/CbMXj6rNW27o63JeJwdQH/GvcSKm3JLNhd+bGzwUKg0D/zD30Qc6p4JykArzM+tA==

"@types/bn.js@^5.1.1":
  version "5.1.1"
  resolved "https://registry.yarnpkg.com/@types/bn.js/-/bn.js-5.1.1.tgz#b51e1b55920a4ca26e9285ff79936bbdec910682"
  integrity sha512-qNrYbZqMx0uJAfKnKclPh+dTwK33KfLHYqtyODwd5HnXOjnkhc4qgn3BrK6RWyGZm5+sIFE7Q7Vz6QQtJB7w7g==
  dependencies:
    "@types/node" "*"

"@types/node@*":
  version "17.0.23"
  resolved "https://registry.yarnpkg.com/@types/node/-/node-17.0.23.tgz#3b41a6e643589ac6442bdbd7a4a3ded62f33f7da"
  integrity sha512-UxDxWn7dl97rKVeVS61vErvw086aCYhDLyvRQZ5Rk65rZKepaFdm53GeqXaKBuOhED4e9uWq34IC3TdSdJJ2Gw==

ansi-regex@^5.0.1:
  version "5.0.1"
  resolved "https://registry.yarnpkg.com/ansi-regex/-/ansi-regex-5.0.1.tgz#082cb2c89c9fe8659a311a53bd6a4dc5301db304"
  integrity sha512-quJQXlTSUGL2LH9SUXo8VwsY4soanhgo6LNSm84E1LBcE8s3O0wpdiRzyR9z/ZZJMlMWv37qOOb9pdJlMUEKFQ==

ansi-styles@^4.0.0:
  version "4.3.0"
  resolved "https://registry.yarnpkg.com/ansi-styles/-/ansi-styles-4.3.0.tgz#edd803628ae71c04c85ae7a0906edad34b648937"
  integrity sha512-zbB9rCJAT1rbjiVDb2hqKFHNYLxgtk8NURxZ3IZwD3F6NtxbXZQCnnSi1Lkx+IDohdPlFp222wVALIheZJQSEg==
  dependencies:
    color-convert "^2.0.1"

bn.js@^5.2.1:
  version "5.2.1"
  resolved "https://registry.yarnpkg.com/bn.js/-/bn.js-5.2.1.tgz#0bc527a6a0d18d0aa8d5b0538ce4a77dccfa7b70"
  integrity sha512-eXRvHzWyYPBuB4NBy0cmYQjGitUrtqwbvlzP3G6VFnNRbsZQIxQ10PbKKHt8gZ/HW/D/747aDl+QkDqg3KQLMQ==

cliui@^8.0.1:
  version "8.0.1"
  resolved "https://registry.yarnpkg.com/cliui/-/cliui-8.0.1.tgz#0c04b075db02cbfe60dc8e6cf2f5486b1a3608aa"
  integrity sha512-BSeNnyus75C4//NQ9gQt1/csTXyo/8Sb+afLAkzAptFuMsod9HFokGNudZpi/oQV73hnVK+sR+5PVRMd+Dr7YQ==
  dependencies:
    string-width "^4.2.0"
    strip-ansi "^6.0.1"
    wrap-ansi "^7.0.0"

color-convert@^2.0.1:
  version "2.0.1"
  resolved "https://registry.yarnpkg.com/color-convert/-/color-convert-2.0.1.tgz#72d3a68d598c9bdb3af2ad1e84f21d896abd4de3"
  integrity sha512-RRECPsj7iu/xb5oKYcsFHSppFNnsj/52OVTRKb4zP5onXwVF3zVmmToNcOfGC+CRDpfK/U584fMg38ZHCaElKQ==
  dependencies:
    color-name "~1.1.4"

color-name@~1.1.4:
  version "1.1.4"
  resolved "https://registry.yarnpkg.com/color-name/-/color-name-1.1.4.tgz#c2a09a87acbde69543de6f63fa3995c826c536a2"
  integrity sha512-dOy+3AuW3a2wNbZHIuMZpTcgjGuLU/uBL/ubcZF9OXbDo8ff4O8yVp5Bf0efS8uEoYo5q4Fx7dY9OgQGXgAsQA==

data-uri-to-buffer@^4.0.0:
  version "4.0.1"
  resolved "https://registry.yarnpkg.com/data-uri-to-buffer/-/data-uri-to-buffer-4.0.1.tgz#d8feb2b2881e6a4f58c2e08acfd0e2834e26222e"
  integrity sha512-0R9ikRb668HB7QDxT1vkpuUBtqc53YyAwMwGeUFKRojY/NWKvdZ+9UYtRfGmhqNbRkTSVpMbmyhXipFFv2cb/A==

debug@^4.1.0:
  version "4.3.4"
  resolved "https://registry.yarnpkg.com/debug/-/debug-4.3.4.tgz#1319f6579357f2338d3337d2cdd4914bb5dcc865"
  integrity sha512-PRWFHuSU3eDtQJPvnNY7Jcket1j0t5OuOsFzPPzsekD52Zl8qUfFIPEiswXqIvHWGVHOgX+7G/vCNNhehwxfkQ==
  dependencies:
    ms "2.1.2"

ed2curve@^0.3.0:
  version "0.3.0"
  resolved "https://registry.yarnpkg.com/ed2curve/-/ed2curve-0.3.0.tgz#322b575152a45305429d546b071823a93129a05d"
  integrity sha512-8w2fmmq3hv9rCrcI7g9hms2pMunQr1JINfcjwR9tAyZqhtyaMN991lF/ZfHfr5tzZQ8c7y7aBgZbjfbd0fjFwQ==
  dependencies:
    tweetnacl "1.x.x"

emoji-regex@^8.0.0:
  version "8.0.0"
  resolved "https://registry.yarnpkg.com/emoji-regex/-/emoji-regex-8.0.0.tgz#e818fd69ce5ccfcb404594f842963bf53164cc37"
  integrity sha512-MSjYzcWNOA0ewAHpz0MxpYFvwg6yjy1NG3xteoqz644VCo/RPgnr1/GGt+ic3iJTzQ8Eu3TdM14SawnVUmGE6A==

escalade@^3.1.1:
  version "3.1.1"
  resolved "https://registry.yarnpkg.com/escalade/-/escalade-3.1.1.tgz#d8cfdc7000965c5a0174b4a82eaa5c0552742e40"
  integrity sha512-k0er2gUkLf8O0zKJiAhmkTnJlTvINGv7ygDNPbeIsX/TJjGJZHuh9B2UxbsaEkmlEo9MfhrSzmhIlhRlI2GXnw==

eventemitter3@^4.0.7:
  version "4.0.7"
  resolved "https://registry.yarnpkg.com/eventemitter3/-/eventemitter3-4.0.7.tgz#2de9b68f6528d5644ef5c59526a1b4a07306169f"
  integrity sha512-8guHBZCwKnFhYdHr2ysuRWErTwhoN2X8XELRlrRwpmfeY2jjuUN4taQMsULKUVo1K4DvZl+0pgfyoysHxvmvEw==

eventemitter3@^5.0.0:
  version "5.0.0"
  resolved "https://registry.yarnpkg.com/eventemitter3/-/eventemitter3-5.0.0.tgz#084eb7f5b5388df1451e63f4c2aafd71b217ccb3"
  integrity sha512-riuVbElZZNXLeLEoprfNYoDSwTBRR44X3mnhdI1YcnENpWTCsTTVZ2zFuqQcpoyqPQIUXdiPEU0ECAq0KQRaHg==

fetch-blob@^3.1.2, fetch-blob@^3.1.4:
  version "3.2.0"
  resolved "https://registry.yarnpkg.com/fetch-blob/-/fetch-blob-3.2.0.tgz#f09b8d4bbd45adc6f0c20b7e787e793e309dcce9"
  integrity sha512-7yAQpD2UMJzLi1Dqv7qFYnPbaPx7ZfFK6PiIxQ4PfkGPyNyl2Ugx+a/umUonmKqjhM4DnfbMvdX6otXq83soQQ==
  dependencies:
    node-domexception "^1.0.0"
    web-streams-polyfill "^3.0.3"

formdata-polyfill@^4.0.10:
  version "4.0.10"
  resolved "https://registry.yarnpkg.com/formdata-polyfill/-/formdata-polyfill-4.0.10.tgz#24807c31c9d402e002ab3d8c720144ceb8848423"
  integrity sha512-buewHzMvYL29jdeQTVILecSaZKnt/RJWjoZCF5OW60Z67/GmSLBkOFM7qh1PI3zFNtJbaZL5eQu1vLfazOwj4g==
  dependencies:
    fetch-blob "^3.1.2"

get-caller-file@^2.0.5:
  version "2.0.5"
  resolved "https://registry.yarnpkg.com/get-caller-file/-/get-caller-file-2.0.5.tgz#4f94412a82db32f36e3b0b9741f8a97feb031f7e"
  integrity sha512-DyFP3BM/3YHTQOCUL/w0OZHR0lpKeGrxotcHWcqNEdnltqFwXVfhEBQ94eIo34AfQpo0rGki4cyIiftY06h2Fg==

is-fullwidth-code-point@^3.0.0:
  version "3.0.0"
  resolved "https://registry.yarnpkg.com/is-fullwidth-code-point/-/is-fullwidth-code-point-3.0.0.tgz#f116f8064fe90b3f7844a38997c0b75051269f1d"
  integrity sha512-zymm5+u+sCsSWyD9qNaejV3DFvhCKclKdizYaJUuHA83RLjb7nSuGnddCHGv0hk+KY7BMAlsWeK4Ueg6EV6XQg==

json-stringify-safe@^5.0.1:
  version "5.0.1"
  resolved "https://registry.yarnpkg.com/json-stringify-safe/-/json-stringify-safe-5.0.1.tgz#1296a2d58fd45f19a0f6ce01d65701e2c735b6eb"
  integrity sha1-Epai1Y/UXxmg9s4B1lcB4sc1tus=

lodash@^4.17.21:
  version "4.17.21"
  resolved "https://registry.yarnpkg.com/lodash/-/lodash-4.17.21.tgz#679591c564c3bffaae8454cf0b3df370c3d6911c"
  integrity sha512-v2kDEe57lecTulaDIuNTPy3Ry4gLGJ6Z1O3vE1krgXZNrsQ+LFTGHVxVjcXPs17LhbZVGedAJv8XZ1tvj5FvSg==

mock-socket@^9.2.1:
  version "9.2.1"
  resolved "https://registry.yarnpkg.com/mock-socket/-/mock-socket-9.2.1.tgz#cc9c0810aa4d0afe02d721dcb2b7e657c00e2282"
  integrity sha512-aw9F9T9G2zpGipLLhSNh6ZpgUyUl4frcVmRN08uE1NWPWg43Wx6+sGPDbQ7E5iFZZDJW5b5bypMeAEHqTbIFag==

ms@2.1.2:
  version "2.1.2"
  resolved "https://registry.yarnpkg.com/ms/-/ms-2.1.2.tgz#d09d1f357b443f493382a8eb3ccd183872ae6009"
  integrity sha512-sGkPx+VjMtmA6MX27oA4FBFELFCZZ4S4XqeGOXCv68tT+jb3vk/RyaKWP0PTKyWtmLSM0b+adUTEvbs1PEaH2w==

nock@^13.3.0:
  version "13.3.0"
  resolved "https://registry.yarnpkg.com/nock/-/nock-13.3.0.tgz#b13069c1a03f1ad63120f994b04bfd2556925768"
  integrity sha512-HHqYQ6mBeiMc+N038w8LkMpDCRquCHWeNmN3v6645P3NhN2+qXOBqvPqo7Rt1VyCMzKhJ733wZqw5B7cQVFNPg==
  dependencies:
    debug "^4.1.0"
    json-stringify-safe "^5.0.1"
    lodash "^4.17.21"
    propagate "^2.0.0"

node-domexception@^1.0.0:
  version "1.0.0"
  resolved "https://registry.yarnpkg.com/node-domexception/-/node-domexception-1.0.0.tgz#6888db46a1f71c0b76b3f7555016b63fe64766e5"
  integrity sha512-/jKZoMpw0F8GRwl4/eLROPA3cfcXtLApP0QzLmUT/HuPCZWyB7IY9ZrMeKw2O/nFIqPQB3PVM9aYm0F312AXDQ==

node-fetch@^3.3.0:
  version "3.3.0"
  resolved "https://registry.yarnpkg.com/node-fetch/-/node-fetch-3.3.0.tgz#37e71db4ecc257057af828d523a7243d651d91e4"
  integrity sha512-BKwRP/O0UvoMKp7GNdwPlObhYGB5DQqwhEDQlNKuoqwVYSxkSZCSbHjnFFmUEtwSKRPU4kNK8PbDYYitwaE3QA==
  dependencies:
    data-uri-to-buffer "^4.0.0"
    fetch-blob "^3.1.4"
    formdata-polyfill "^4.0.10"

pako@^2.0.4:
  version "2.0.4"
  resolved "https://registry.yarnpkg.com/pako/-/pako-2.0.4.tgz#6cebc4bbb0b6c73b0d5b8d7e8476e2b2fbea576d"
  integrity sha512-v8tweI900AUkZN6heMU/4Uy4cXRc2AYNRggVmTR+dEncawDJgCdLMximOVA2p4qO57WMynangsfGRb5WD6L1Bg==

propagate@^2.0.0:
  version "2.0.1"
  resolved "https://registry.yarnpkg.com/propagate/-/propagate-2.0.1.tgz#40cdedab18085c792334e64f0ac17256d38f9a45"
  integrity sha512-vGrhOavPSTz4QVNuBNdcNXePNdNMaO1xj9yBeH1ScQPjk/rhg9sSlCXPhMkFuaNNW/syTvYqsnbIJxMBfRbbag==

require-directory@^2.1.1:
  version "2.1.1"
  resolved "https://registry.yarnpkg.com/require-directory/-/require-directory-2.1.1.tgz#8c64ad5fd30dab1c976e2344ffe7f792a6a6df42"
  integrity sha1-jGStX9MNqxyXbiNE/+f3kqam30I=

rxjs@^7.8.0:
  version "7.8.0"
  resolved "https://registry.yarnpkg.com/rxjs/-/rxjs-7.8.0.tgz#90a938862a82888ff4c7359811a595e14e1e09a4"
  integrity sha512-F2+gxDshqmIub1KdvZkaEfGDwLNpPvk9Fs6LD/MyQxNgMds/WH9OdDDXOmxUZpME+iSK3rQCctkL0DYyytUqMg==
  dependencies:
    tslib "^2.1.0"

smoldot@0.7.11:
  version "0.7.11"
  resolved "https://registry.yarnpkg.com/smoldot/-/smoldot-0.7.11.tgz#8e39464f2cf7736eacff5f2a87819dd9f688b352"
  integrity sha512-aE1led154FJ2/jrXKv2HLKdNIyvYJG6H2ZmKYFS++kW1OAcTQ6idDy3fzAI1VdydLDYK0YbKUsj7SJDmrjsS3g==
  dependencies:
    pako "^2.0.4"
    ws "^8.8.1"

string-width@^4.1.0, string-width@^4.2.0, string-width@^4.2.3:
  version "4.2.3"
  resolved "https://registry.yarnpkg.com/string-width/-/string-width-4.2.3.tgz#269c7117d27b05ad2e536830a8ec895ef9c6d010"
  integrity sha512-wKyQRQpjJ0sIp62ErSZdGsjMJWsap5oRNihHhu6G7JVO/9jIB6UyevL+tXuOqrng8j/cxKTWyWUwvSTriiZz/g==
  dependencies:
    emoji-regex "^8.0.0"
    is-fullwidth-code-point "^3.0.0"
    strip-ansi "^6.0.1"

strip-ansi@^6.0.0, strip-ansi@^6.0.1:
  version "6.0.1"
  resolved "https://registry.yarnpkg.com/strip-ansi/-/strip-ansi-6.0.1.tgz#9e26c63d30f53443e9489495b2105d37b67a85d9"
  integrity sha512-Y38VPSHcqkFrCpFnQ9vuSXmquuv5oXOKpGeT6aGrr3o3Gc9AlVa6JBfUSOCnbxGGZF+/0ooI7KrPuUSztUdU5A==
  dependencies:
    ansi-regex "^5.0.1"

tslib@^2.1.0, tslib@^2.5.0:
  version "2.5.0"
  resolved "https://registry.yarnpkg.com/tslib/-/tslib-2.5.0.tgz#42bfed86f5787aeb41d031866c8f402429e0fddf"
  integrity sha512-336iVw3rtn2BUK7ORdIAHTyxHGRIHVReokCR3XjbckJMK7ms8FysBfhLR8IXnAgy7T0PTPNBWKiH514FOW/WSg==

tweetnacl@1.x.x, tweetnacl@^1.0.3:
  version "1.0.3"
  resolved "https://registry.yarnpkg.com/tweetnacl/-/tweetnacl-1.0.3.tgz#ac0af71680458d8a6378d0d0d050ab1407d35596"
  integrity sha512-6rt+RN7aOi1nGMyC4Xa5DdYiukl2UWCbcJft7YhxReBGQD7OAM8Pbxw6YMo4r2diNEA8FEmu32YOn9rhaiE5yw==

web-streams-polyfill@^3.0.3:
  version "3.2.1"
  resolved "https://registry.yarnpkg.com/web-streams-polyfill/-/web-streams-polyfill-3.2.1.tgz#71c2718c52b45fd49dbeee88634b3a60ceab42a6"
  integrity sha512-e0MO3wdXWKrLbL0DgGnUV7WHVuw9OUvL4hjgnPkIeEvESk74gAITi5G606JtZPp39cd8HA9VQzCIvA49LpPN5Q==

wrap-ansi@^7.0.0:
  version "7.0.0"
  resolved "https://registry.yarnpkg.com/wrap-ansi/-/wrap-ansi-7.0.0.tgz#67e145cff510a6a6984bdf1152911d69d2eb9e43"
  integrity sha512-YVGIj2kamLSTxw6NsZjoBxfSwsn0ycdesmc4p+Q21c5zPuZ1pl+NfxVdxPtdHvmNVOQ6XSYG4AUtyt/Fi7D16Q==
  dependencies:
    ansi-styles "^4.0.0"
    string-width "^4.1.0"
    strip-ansi "^6.0.0"

ws@^8.13.0:
  version "8.13.0"
  resolved "https://registry.yarnpkg.com/ws/-/ws-8.13.0.tgz#9a9fb92f93cf41512a0735c8f4dd09b8a1211cd0"
  integrity sha512-x9vcZYTrFPC7aSIbj7sRCYo7L/Xb8Iy+pW0ng0wt2vCJv7M9HOMy0UoN3rr+IFC7hb7vXoqS+P9ktyLLLhO+LA==

ws@^8.8.1:
  version "8.12.1"
  resolved "https://registry.yarnpkg.com/ws/-/ws-8.12.1.tgz#c51e583d79140b5e42e39be48c934131942d4a8f"
  integrity sha512-1qo+M9Ba+xNhPB+YTWUlK6M17brTut5EXbcBaMRN5pH5dFrXz7lzz1ChFSUq3bOUl8yEvSenhHmYUNJxFzdJew==

y18n@^5.0.5:
  version "5.0.8"
  resolved "https://registry.yarnpkg.com/y18n/-/y18n-5.0.8.tgz#7f4934d0f7ca8c56f95314939ddcd2dd91ce1d55"
  integrity sha512-0pfFzegeDWJHJIAmTLRP2DwHjdF5s7jo9tuztdQxAhINCdvS+3nGINqPd00AphqJR/0LhANUS6/+7SCb98YOfA==

yargs-parser@^21.1.1:
  version "21.1.1"
  resolved "https://registry.yarnpkg.com/yargs-parser/-/yargs-parser-21.1.1.tgz#9096bceebf990d21bb31fa9516e0ede294a77d35"
  integrity sha512-tVpsJW7DdjecAiFpbIB1e3qxIQsE6NoPc5/eTdrbbIC4h0LVsWhnoa3g+m2HclBIujHzsxZ4VJVA+GUuc2/LBw==

yargs@^17.7.1:
  version "17.7.1"
  resolved "https://registry.yarnpkg.com/yargs/-/yargs-17.7.1.tgz#34a77645201d1a8fc5213ace787c220eabbd0967"
  integrity sha512-cwiTb08Xuv5fqF4AovYacTFNxk62th7LKJ6BL9IGUpTJrWoU7/7WdQGTP2SjKf1dUNBGzDd28p/Yfs/GI6JrLw==
  dependencies:
    cliui "^8.0.1"
    escalade "^3.1.1"
    get-caller-file "^2.0.5"
    require-directory "^2.1.1"
    string-width "^4.2.3"
    y18n "^5.0.5"
    yargs-parser "^21.1.1"
